{
  "version": 4,
  "terraform_version": "1.1.9",
  "serial": 66,
  "lineage": "50e3c27b-df0a-3525-b2d1-b84e3a785df2",
  "outputs": {
    "app_name": {
      "value": "www.drawit.tech",
      "type": "string"
    },
    "bastionserver1": {
      "value": "52.118.184.84",
      "type": "string"
    },
    "bastionserver2": {
      "value": "150.239.165.65",
      "type": "string"
    },
    "replica_db": {
      "value": "172.21.9.4",
      "type": "string"
    },
    "source_db": {
      "value": "172.21.1.4",
      "type": "string"
    },
    "ssh-bastionserver1": {
      "value": "ssh root@52.118.184.84",
      "type": "string"
    },
    "ssh-bastionserver2": {
      "value": "ssh root@150.239.165.65",
      "type": "string"
    },
    "ssh-replicadb": {
      "value": "ssh -o ProxyJump=root@150.239.165.65 root@172.21.9.4",
      "type": "string"
    },
    "ssh-sourcedb": {
      "value": "ssh -o ProxyJump=root@52.118.184.84 root@172.21.1.4",
      "type": "string"
    },
    "ssh-webappserver1": {
      "value": "ssh -o ProxyJump=root@52.118.184.84 root@172.21.0.5",
      "type": "string"
    },
    "ssh-webappserver2": {
      "value": "ssh -o ProxyJump=root@150.239.165.65 root@172.21.8.5",
      "type": "string"
    },
    "webappserver1": {
      "value": "172.21.0.5",
      "type": "string"
    },
    "webappserver2": {
      "value": "172.21.8.5",
      "type": "string"
    }
  },
  "resources": [
    {
      "module": "module.access",
      "mode": "managed",
      "type": "ibm_is_network_acl",
      "name": "dbtier-acl",
      "provider": "module.access.provider[\"registry.terraform.io/ibm-cloud/ibm\"]",
      "instances": [
        {
          "schema_version": 0,
          "attributes": {
            "crn": "crn:v1:bluemix:public:is:us-south:a/0e750a8f9d821890143065a8e38f0877::network-acl:r006-3f1cc7d9-f24f-48fe-af07-f7492b46f626",
            "id": "r006-3f1cc7d9-f24f-48fe-af07-f7492b46f626",
            "name": "jww85webappvpc-dbtier-acl",
            "resource_controller_url": "https://cloud.ibm.com/vpc-ext/network/acl",
            "resource_crn": null,
            "resource_group": "b53c38b79f834591854c7e2e057dec96",
            "resource_group_name": "jww85webapprg",
            "resource_name": "jww85webappvpc-dbtier-acl",
            "rules": [
              {
                "action": "allow",
                "destination": "0.0.0.0/0",
                "direction": "inbound",
                "icmp": [
                  {
                    "code": 0,
                    "type": 0
                  }
                ],
                "id": "1516b9f8-55ea-41cd-9e94-933f19a9bb7e",
                "ip_version": "ipv4",
                "name": "jww85webappvpc-dbtier-icmp--all",
                "source": "0.0.0.0/0",
                "subnets": 2,
                "tcp": [],
                "udp": []
              },
              {
                "action": "allow",
                "destination": "0.0.0.0/0",
                "direction": "inbound",
                "icmp": [],
                "id": "cab33468-df67-4aa6-ace2-23ba93fbaad4",
                "ip_version": "ipv4",
                "name": "jww85webappvpc-dbtier-udp-user-ports",
                "source": "0.0.0.0/0",
                "subnets": 2,
                "tcp": [],
                "udp": [
                  {
                    "port_max": 65535,
                    "port_min": 1024,
                    "source_port_max": 65535,
                    "source_port_min": 1
                  }
                ]
              },
              {
                "action": "allow",
                "destination": "0.0.0.0/0",
                "direction": "inbound",
                "icmp": [],
                "id": "a94c65f7-0eb5-426a-9887-2c6f66dfa6f8",
                "ip_version": "ipv4",
                "name": "jww85webappvpc-dbtier-tcp-user-ports",
                "source": "0.0.0.0/0",
                "subnets": 2,
                "tcp": [
                  {
                    "port_max": 65535,
                    "port_min": 1024,
                    "source_port_max": 65535,
                    "source_port_min": 1
                  }
                ],
                "udp": []
              },
              {
                "action": "allow",
                "destination": "172.21.0.0/20",
                "direction": "inbound",
                "icmp": [],
                "id": "f8f8f414-25ed-42b3-b93b-6210c27122ea",
                "ip_version": "ipv4",
                "name": "jww85webappvpc-dbtier-from-vpn-network",
                "source": "192.168.248.0/24",
                "subnets": 2,
                "tcp": [],
                "udp": []
              },
              {
                "action": "allow",
                "destination": "172.21.0.0/20",
                "direction": "inbound",
                "icmp": [],
                "id": "3e023c98-f0de-4ff0-913d-5a8b1280737f",
                "ip_version": "ipv4",
                "name": "jww85webappvpc-dbtier-within-vpc",
                "source": "172.21.0.0/20",
                "subnets": 2,
                "tcp": [],
                "udp": []
              },
              {
                "action": "allow",
                "destination": "172.21.0.0/20",
                "direction": "inbound",
                "icmp": [],
                "id": "4fd73115-ad87-440f-bfc1-849298522a84",
                "ip_version": "ipv4",
                "name": "jww85webappvpc-dbtier-ssh-traffic",
                "source": "0.0.0.0/0",
                "subnets": 2,
                "tcp": [
                  {
                    "port_max": 22,
                    "port_min": 22,
                    "source_port_max": 65535,
                    "source_port_min": 1
                  }
                ],
                "udp": []
              },
              {
                "action": "allow",
                "destination": "0.0.0.0/0",
                "direction": "outbound",
                "icmp": [],
                "id": "7f282667-c7bd-47e7-904e-658719a1b0cc",
                "ip_version": "ipv4",
                "name": "jww85webappvpc-dbtier-allow-all-outbound",
                "source": "0.0.0.0/0",
                "subnets": 2,
                "tcp": [],
                "udp": []
              }
            ],
            "tags": [],
            "timeouts": null,
            "vpc": "r006-1223cb23-326f-44ad-a8a5-aa1d2b4e14e2"
          },
          "sensitive_attributes": [],
          "private": "eyJlMmJmYjczMC1lY2FhLTExZTYtOGY4OC0zNDM2M2JjN2M0YzAiOnsiY3JlYXRlIjo2MDAwMDAwMDAwMDAsImRlbGV0ZSI6NjAwMDAwMDAwMDAwfX0=",
          "dependencies": [
            "module.access.ibm_resource_group.group",
            "module.vpc.ibm_is_vpc.vpc1"
          ]
        }
      ]
    },
    {
      "module": "module.access",
      "mode": "managed",
      "type": "ibm_is_network_acl",
      "name": "default-acl",
      "provider": "module.access.provider[\"registry.terraform.io/ibm-cloud/ibm\"]",
      "instances": [
        {
          "schema_version": 0,
          "attributes": {
            "crn": "crn:v1:bluemix:public:is:us-south:a/0e750a8f9d821890143065a8e38f0877::network-acl:r006-878ee4f5-9172-4e4c-80ee-6ad3883c8ffe",
            "id": "r006-878ee4f5-9172-4e4c-80ee-6ad3883c8ffe",
            "name": "jww85webappvpc-default-acl",
            "resource_controller_url": "https://cloud.ibm.com/vpc-ext/network/acl",
            "resource_crn": null,
            "resource_group": "b53c38b79f834591854c7e2e057dec96",
            "resource_group_name": "jww85webapprg",
            "resource_name": "jww85webappvpc-default-acl",
            "rules": [
              {
                "action": "deny",
                "destination": "0.0.0.0/0",
                "direction": "inbound",
                "icmp": [],
                "id": "26d2abf0-411c-43b6-a3ed-e6bc88a03829",
                "ip_version": "ipv4",
                "name": "jww85webappvpc-default-deny-all-inbound",
                "source": "0.0.0.0/0",
                "subnets": 0,
                "tcp": [],
                "udp": []
              },
              {
                "action": "deny",
                "destination": "0.0.0.0/0",
                "direction": "outbound",
                "icmp": [],
                "id": "361fcaa7-f967-42a6-9905-02df12c6e3b7",
                "ip_version": "ipv4",
                "name": "jww85webappvpc-default-deny-all-outbound",
                "source": "0.0.0.0/0",
                "subnets": 0,
                "tcp": [],
                "udp": []
              }
            ],
            "tags": [],
            "timeouts": null,
            "vpc": "r006-1223cb23-326f-44ad-a8a5-aa1d2b4e14e2"
          },
          "sensitive_attributes": [],
          "private": "eyJlMmJmYjczMC1lY2FhLTExZTYtOGY4OC0zNDM2M2JjN2M0YzAiOnsiY3JlYXRlIjo2MDAwMDAwMDAwMDAsImRlbGV0ZSI6NjAwMDAwMDAwMDAwfX0=",
          "dependencies": [
            "module.access.ibm_resource_group.group",
            "module.vpc.ibm_is_vpc.vpc1"
          ]
        }
      ]
    },
    {
      "module": "module.access",
      "mode": "managed",
      "type": "ibm_is_network_acl",
      "name": "vpn-acl",
      "provider": "module.access.provider[\"registry.terraform.io/ibm-cloud/ibm\"]",
      "instances": [
        {
          "schema_version": 0,
          "attributes": {
            "crn": "crn:v1:bluemix:public:is:us-south:a/0e750a8f9d821890143065a8e38f0877::network-acl:r006-010388fc-b73d-4ae9-9fd3-bef2cf4e25aa",
            "id": "r006-010388fc-b73d-4ae9-9fd3-bef2cf4e25aa",
            "name": "jww85webappvpc-vpn-acl",
            "resource_controller_url": "https://cloud.ibm.com/vpc-ext/network/acl",
            "resource_crn": null,
            "resource_group": "b53c38b79f834591854c7e2e057dec96",
            "resource_group_name": "jww85webapprg",
            "resource_name": "jww85webappvpc-vpn-acl",
            "rules": [
              {
                "action": "allow",
                "destination": "0.0.0.0/0",
                "direction": "inbound",
                "icmp": [],
                "id": "daff35e5-6f10-4e09-a217-cdbc1b1683ae",
                "ip_version": "ipv4",
                "name": "jww85webappvpc-vpn-all-inbound",
                "source": "0.0.0.0/0",
                "subnets": 0,
                "tcp": [],
                "udp": []
              },
              {
                "action": "allow",
                "destination": "0.0.0.0/0",
                "direction": "outbound",
                "icmp": [],
                "id": "cb74605a-fd94-43e4-a8e2-e417bd9a07dd",
                "ip_version": "ipv4",
                "name": "jww85webappvpc-vpn-allow-all-outbound",
                "source": "0.0.0.0/0",
                "subnets": 0,
                "tcp": [],
                "udp": []
              }
            ],
            "tags": [],
            "timeouts": null,
            "vpc": "r006-1223cb23-326f-44ad-a8a5-aa1d2b4e14e2"
          },
          "sensitive_attributes": [],
          "private": "eyJlMmJmYjczMC1lY2FhLTExZTYtOGY4OC0zNDM2M2JjN2M0YzAiOnsiY3JlYXRlIjo2MDAwMDAwMDAwMDAsImRlbGV0ZSI6NjAwMDAwMDAwMDAwfX0=",
          "dependencies": [
            "module.access.ibm_resource_group.group",
            "module.vpc.ibm_is_vpc.vpc1"
          ]
        }
      ]
    },
    {
      "module": "module.access",
      "mode": "managed",
      "type": "ibm_is_network_acl",
      "name": "webapptier-acl",
      "provider": "module.access.provider[\"registry.terraform.io/ibm-cloud/ibm\"]",
      "instances": [
        {
          "schema_version": 0,
          "attributes": {
            "crn": "crn:v1:bluemix:public:is:us-south:a/0e750a8f9d821890143065a8e38f0877::network-acl:r006-3dae821f-d5fc-49fc-a9ee-4c950b973b7e",
            "id": "r006-3dae821f-d5fc-49fc-a9ee-4c950b973b7e",
            "name": "jww85webappvpc-webapptier-acl",
            "resource_controller_url": "https://cloud.ibm.com/vpc-ext/network/acl",
            "resource_crn": null,
            "resource_group": "b53c38b79f834591854c7e2e057dec96",
            "resource_group_name": "jww85webapprg",
            "resource_name": "jww85webappvpc-webapptier-acl",
            "rules": [
              {
                "action": "allow",
                "destination": "0.0.0.0/0",
                "direction": "inbound",
                "icmp": [
                  {
                    "code": 0,
                    "type": 0
                  }
                ],
                "id": "9f8ff3bb-4ac8-408a-816c-111ceddf98b6",
                "ip_version": "ipv4",
                "name": "jww85webappvpc-webapptier-icmp--all",
                "source": "0.0.0.0/0",
                "subnets": 2,
                "tcp": [],
                "udp": []
              },
              {
                "action": "allow",
                "destination": "0.0.0.0/0",
                "direction": "inbound",
                "icmp": [],
                "id": "550b83f8-f194-490a-a039-48a67be55fff",
                "ip_version": "ipv4",
                "name": "jww85webappvpc-webapptier-udp-user-ports",
                "source": "0.0.0.0/0",
                "subnets": 2,
                "tcp": [],
                "udp": [
                  {
                    "port_max": 65535,
                    "port_min": 1024,
                    "source_port_max": 65535,
                    "source_port_min": 1
                  }
                ]
              },
              {
                "action": "allow",
                "destination": "0.0.0.0/0",
                "direction": "inbound",
                "icmp": [],
                "id": "1d02ec37-6dbb-4f37-8dd7-18ae4c4a9e2f",
                "ip_version": "ipv4",
                "name": "jww85webappvpc-webapptier-tcp-user-ports",
                "source": "0.0.0.0/0",
                "subnets": 2,
                "tcp": [
                  {
                    "port_max": 65535,
                    "port_min": 1024,
                    "source_port_max": 65535,
                    "source_port_min": 1
                  }
                ],
                "udp": []
              },
              {
                "action": "allow",
                "destination": "172.21.0.0/20",
                "direction": "inbound",
                "icmp": [],
                "id": "9529a115-d413-4089-80ff-0600d31bbd1e",
                "ip_version": "ipv4",
                "name": "jww85webappvpc-webapptier-from-vpn-network",
                "source": "192.168.248.0/24",
                "subnets": 2,
                "tcp": [],
                "udp": []
              },
              {
                "action": "allow",
                "destination": "172.21.0.0/20",
                "direction": "inbound",
                "icmp": [],
                "id": "b7a722ac-a580-48c9-8eb6-d339ddd9e0a5",
                "ip_version": "ipv4",
                "name": "jww85webappvpc-webapptier-within-vpc",
                "source": "172.21.0.0/20",
                "subnets": 2,
                "tcp": [],
                "udp": []
              },
              {
                "action": "allow",
                "destination": "172.21.0.0/20",
                "direction": "inbound",
                "icmp": [],
                "id": "180a6e85-2df9-45cc-818d-f23e4dd077be",
                "ip_version": "ipv4",
                "name": "jww85webappvpc-webapptier-web-http-traffic",
                "source": "0.0.0.0/0",
                "subnets": 2,
                "tcp": [
                  {
                    "port_max": 80,
                    "port_min": 80,
                    "source_port_max": 65535,
                    "source_port_min": 1
                  }
                ],
                "udp": []
              },
              {
                "action": "allow",
                "destination": "172.21.0.0/20",
                "direction": "inbound",
                "icmp": [],
                "id": "6f70296a-3575-44f2-9c60-36e7f01cbb36",
                "ip_version": "ipv4",
                "name": "jww85webappvpc-webapptier-web-ssh-traffic",
                "source": "0.0.0.0/0",
                "subnets": 2,
                "tcp": [
                  {
                    "port_max": 22,
                    "port_min": 22,
                    "source_port_max": 65535,
                    "source_port_min": 1
                  }
                ],
                "udp": []
              },
              {
                "action": "allow",
                "destination": "0.0.0.0/0",
                "direction": "outbound",
                "icmp": [],
                "id": "9ecf6dab-d18c-4901-ade3-ed1128d5802b",
                "ip_version": "ipv4",
                "name": "jww85webappvpc-webapptier-allow-all-outbound",
                "source": "0.0.0.0/0",
                "subnets": 2,
                "tcp": [],
                "udp": []
              }
            ],
            "tags": [],
            "timeouts": null,
            "vpc": "r006-1223cb23-326f-44ad-a8a5-aa1d2b4e14e2"
          },
          "sensitive_attributes": [],
          "private": "eyJlMmJmYjczMC1lY2FhLTExZTYtOGY4OC0zNDM2M2JjN2M0YzAiOnsiY3JlYXRlIjo2MDAwMDAwMDAwMDAsImRlbGV0ZSI6NjAwMDAwMDAwMDAwfX0=",
          "dependencies": [
            "module.access.ibm_resource_group.group",
            "module.vpc.ibm_is_vpc.vpc1"
          ]
        }
      ]
    },
    {
      "module": "module.access",
      "mode": "managed",
      "type": "ibm_is_security_group",
      "name": "bastion-securitygroup",
      "provider": "module.access.provider[\"registry.terraform.io/ibm-cloud/ibm\"]",
      "instances": [
        {
          "schema_version": 0,
          "attributes": {
            "crn": "crn:v1:bluemix:public:is:us-south:a/0e750a8f9d821890143065a8e38f0877::security-group:r006-301aa1c7-9293-4790-b400-67037f290100",
            "id": "r006-301aa1c7-9293-4790-b400-67037f290100",
            "name": "jww85webappvpc-bastion-securitygroup",
            "resource_controller_url": "https://cloud.ibm.com/vpc-ext/network/securityGroups",
            "resource_crn": "crn:v1:bluemix:public:is:us-south:a/0e750a8f9d821890143065a8e38f0877::security-group:r006-301aa1c7-9293-4790-b400-67037f290100",
            "resource_group": "b53c38b79f834591854c7e2e057dec96",
            "resource_group_name": "jww85webapprg",
            "resource_name": "jww85webappvpc-bastion-securitygroup",
            "rules": [
              {
                "code": 0,
                "direction": "inbound",
                "ip_version": "ipv4",
                "port_max": 22,
                "port_min": 22,
                "protocol": "tcp",
                "remote": "0.0.0.0/0",
                "type": 0
              },
              {
                "code": 0,
                "direction": "outbound",
                "ip_version": "ipv4",
                "port_max": 22,
                "port_min": 22,
                "protocol": "tcp",
                "remote": "r006-b17c39ad-85b5-4702-8eb6-431b9f01a6fc",
                "type": 0
              },
              {
                "code": 0,
                "direction": "inbound",
                "ip_version": "ipv4",
                "port_max": 0,
                "port_min": 0,
                "protocol": "icmp",
                "remote": "0.0.0.0/0",
                "type": 8
              }
            ],
            "tags": [],
            "vpc": "r006-1223cb23-326f-44ad-a8a5-aa1d2b4e14e2"
          },
          "sensitive_attributes": [],
          "private": "bnVsbA==",
          "dependencies": [
            "module.access.ibm_resource_group.group",
            "module.vpc.ibm_is_vpc.vpc1"
          ]
        }
      ]
    },
    {
      "module": "module.access",
      "mode": "managed",
      "type": "ibm_is_security_group",
      "name": "dbtier-securitygroup",
      "provider": "module.access.provider[\"registry.terraform.io/ibm-cloud/ibm\"]",
      "instances": [
        {
          "schema_version": 0,
          "attributes": {
            "crn": "crn:v1:bluemix:public:is:us-south:a/0e750a8f9d821890143065a8e38f0877::security-group:r006-4de22afd-af07-4b00-bd28-1f5e30b10db6",
            "id": "r006-4de22afd-af07-4b00-bd28-1f5e30b10db6",
            "name": "jww85webappvpc-dbtier-securitygroup",
            "resource_controller_url": "https://cloud.ibm.com/vpc-ext/network/securityGroups",
            "resource_crn": "crn:v1:bluemix:public:is:us-south:a/0e750a8f9d821890143065a8e38f0877::security-group:r006-4de22afd-af07-4b00-bd28-1f5e30b10db6",
            "resource_group": "b53c38b79f834591854c7e2e057dec96",
            "resource_group_name": "jww85webapprg",
            "resource_name": "jww85webappvpc-dbtier-securitygroup",
            "rules": [
              {
                "code": 0,
                "direction": "inbound",
                "ip_version": "ipv4",
                "port_max": 0,
                "port_min": 0,
                "protocol": "all",
                "remote": "172.21.9.0/24",
                "type": 0
              },
              {
                "code": 0,
                "direction": "outbound",
                "ip_version": "ipv4",
                "port_max": 0,
                "port_min": 0,
                "protocol": "all",
                "remote": "0.0.0.0/0",
                "type": 0
              },
              {
                "code": 0,
                "direction": "inbound",
                "ip_version": "ipv4",
                "port_max": 0,
                "port_min": 0,
                "protocol": "all",
                "remote": "172.21.1.0/24",
                "type": 0
              },
              {
                "code": 0,
                "direction": "inbound",
                "ip_version": "ipv4",
                "port_max": 0,
                "port_min": 0,
                "protocol": "all",
                "remote": "192.168.248.0/24",
                "type": 0
              },
              {
                "code": 0,
                "direction": "inbound",
                "ip_version": "ipv4",
                "port_max": 0,
                "port_min": 0,
                "protocol": "icmp",
                "remote": "0.0.0.0/0",
                "type": 8
              },
              {
                "code": 0,
                "direction": "inbound",
                "ip_version": "ipv4",
                "port_max": 3306,
                "port_min": 3306,
                "protocol": "tcp",
                "remote": "r006-7bdad9f8-3db5-437f-960d-a37175cee1c0",
                "type": 0
              }
            ],
            "tags": [],
            "vpc": "r006-1223cb23-326f-44ad-a8a5-aa1d2b4e14e2"
          },
          "sensitive_attributes": [],
          "private": "bnVsbA==",
          "dependencies": [
            "module.access.ibm_resource_group.group",
            "module.vpc.ibm_is_vpc.vpc1"
          ]
        }
      ]
    },
    {
      "module": "module.access",
      "mode": "managed",
      "type": "ibm_is_security_group",
      "name": "maintenance-securitygroup",
      "provider": "module.access.provider[\"registry.terraform.io/ibm-cloud/ibm\"]",
      "instances": [
        {
          "schema_version": 0,
          "attributes": {
            "crn": "crn:v1:bluemix:public:is:us-south:a/0e750a8f9d821890143065a8e38f0877::security-group:r006-b17c39ad-85b5-4702-8eb6-431b9f01a6fc",
            "id": "r006-b17c39ad-85b5-4702-8eb6-431b9f01a6fc",
            "name": "jww85webappvpc-maintenance-securitygroup",
            "resource_controller_url": "https://cloud.ibm.com/vpc-ext/network/securityGroups",
            "resource_crn": "crn:v1:bluemix:public:is:us-south:a/0e750a8f9d821890143065a8e38f0877::security-group:r006-b17c39ad-85b5-4702-8eb6-431b9f01a6fc",
            "resource_group": "b53c38b79f834591854c7e2e057dec96",
            "resource_group_name": "jww85webapprg",
            "resource_name": "jww85webappvpc-maintenance-securitygroup",
            "rules": [
              {
                "code": 0,
                "direction": "outbound",
                "ip_version": "ipv4",
                "port_max": 443,
                "port_min": 443,
                "protocol": "tcp",
                "remote": "0.0.0.0/0",
                "type": 0
              },
              {
                "code": 0,
                "direction": "outbound",
                "ip_version": "ipv4",
                "port_max": 80,
                "port_min": 80,
                "protocol": "tcp",
                "remote": "0.0.0.0/0",
                "type": 0
              },
              {
                "code": 0,
                "direction": "outbound",
                "ip_version": "ipv4",
                "port_max": 53,
                "port_min": 53,
                "protocol": "udp",
                "remote": "0.0.0.0/0",
                "type": 0
              },
              {
                "code": 0,
                "direction": "outbound",
                "ip_version": "ipv4",
                "port_max": 53,
                "port_min": 53,
                "protocol": "tcp",
                "remote": "0.0.0.0/0",
                "type": 0
              },
              {
                "code": 0,
                "direction": "inbound",
                "ip_version": "ipv4",
                "port_max": 22,
                "port_min": 22,
                "protocol": "tcp",
                "remote": "r006-301aa1c7-9293-4790-b400-67037f290100",
                "type": 0
              }
            ],
            "tags": [],
            "vpc": "r006-1223cb23-326f-44ad-a8a5-aa1d2b4e14e2"
          },
          "sensitive_attributes": [],
          "private": "bnVsbA==",
          "dependencies": [
            "module.access.ibm_resource_group.group",
            "module.vpc.ibm_is_vpc.vpc1"
          ]
        }
      ]
    },
    {
      "module": "module.access",
      "mode": "managed",
      "type": "ibm_is_security_group",
      "name": "webapptier-securitygroup",
      "provider": "module.access.provider[\"registry.terraform.io/ibm-cloud/ibm\"]",
      "instances": [
        {
          "schema_version": 0,
          "attributes": {
            "crn": "crn:v1:bluemix:public:is:us-south:a/0e750a8f9d821890143065a8e38f0877::security-group:r006-7bdad9f8-3db5-437f-960d-a37175cee1c0",
            "id": "r006-7bdad9f8-3db5-437f-960d-a37175cee1c0",
            "name": "jww85webappvpc-webapptier-securitygroup",
            "resource_controller_url": "https://cloud.ibm.com/vpc-ext/network/securityGroups",
            "resource_crn": "crn:v1:bluemix:public:is:us-south:a/0e750a8f9d821890143065a8e38f0877::security-group:r006-7bdad9f8-3db5-437f-960d-a37175cee1c0",
            "resource_group": "b53c38b79f834591854c7e2e057dec96",
            "resource_group_name": "jww85webapprg",
            "resource_name": "jww85webappvpc-webapptier-securitygroup",
            "rules": [
              {
                "code": 0,
                "direction": "inbound",
                "ip_version": "ipv4",
                "port_max": 0,
                "port_min": 0,
                "protocol": "all",
                "remote": "172.21.8.0/24",
                "type": 0
              },
              {
                "code": 0,
                "direction": "inbound",
                "ip_version": "ipv4",
                "port_max": 0,
                "port_min": 0,
                "protocol": "all",
                "remote": "172.21.0.0/24",
                "type": 0
              },
              {
                "code": 0,
                "direction": "inbound",
                "ip_version": "ipv4",
                "port_max": 80,
                "port_min": 80,
                "protocol": "tcp",
                "remote": "0.0.0.0/0",
                "type": 0
              },
              {
                "code": 0,
                "direction": "inbound",
                "ip_version": "ipv4",
                "port_max": 0,
                "port_min": 0,
                "protocol": "icmp",
                "remote": "0.0.0.0/0",
                "type": 8
              },
              {
                "code": 0,
                "direction": "inbound",
                "ip_version": "ipv4",
                "port_max": 0,
                "port_min": 0,
                "protocol": "all",
                "remote": "192.168.248.0/24",
                "type": 0
              },
              {
                "code": 0,
                "direction": "outbound",
                "ip_version": "ipv4",
                "port_max": 0,
                "port_min": 0,
                "protocol": "all",
                "remote": "0.0.0.0/0",
                "type": 0
              }
            ],
            "tags": [],
            "vpc": "r006-1223cb23-326f-44ad-a8a5-aa1d2b4e14e2"
          },
          "sensitive_attributes": [],
          "private": "bnVsbA==",
          "dependencies": [
            "module.access.ibm_resource_group.group",
            "module.vpc.ibm_is_vpc.vpc1"
          ]
        }
      ]
    },
    {
      "module": "module.access",
      "mode": "managed",
      "type": "ibm_is_security_group_rule",
      "name": "bastion-securitygroup-rule1",
      "provider": "module.access.provider[\"registry.terraform.io/ibm-cloud/ibm\"]",
      "instances": [
        {
          "schema_version": 0,
          "attributes": {
            "direction": "inbound",
            "group": "r006-301aa1c7-9293-4790-b400-67037f290100",
            "icmp": [],
            "id": "r006-301aa1c7-9293-4790-b400-67037f290100.r006-814a7c5e-ec99-4ceb-acb6-5ea16eb11251",
            "ip_version": "ipv4",
            "protocol": "tcp",
            "related_crn": "crn:v1:bluemix:public:is:us-south:a/0e750a8f9d821890143065a8e38f0877::security-group:r006-301aa1c7-9293-4790-b400-67037f290100",
            "remote": "0.0.0.0/0",
            "rule_id": "r006-814a7c5e-ec99-4ceb-acb6-5ea16eb11251",
            "tcp": [
              {
                "port_max": 22,
                "port_min": 22
              }
            ],
            "udp": []
          },
          "sensitive_attributes": [],
          "private": "bnVsbA==",
          "dependencies": [
            "module.access.ibm_is_security_group.bastion-securitygroup",
            "module.access.ibm_resource_group.group",
            "module.vpc.ibm_is_vpc.vpc1"
          ]
        }
      ]
    },
    {
      "module": "module.access",
      "mode": "managed",
      "type": "ibm_is_security_group_rule",
      "name": "bastion-securitygroup-rule2",
      "provider": "module.access.provider[\"registry.terraform.io/ibm-cloud/ibm\"]",
      "instances": [
        {
          "schema_version": 0,
          "attributes": {
            "direction": "inbound",
            "group": "r006-301aa1c7-9293-4790-b400-67037f290100",
            "icmp": [
              {
                "code": 0,
                "type": 8
              }
            ],
            "id": "r006-301aa1c7-9293-4790-b400-67037f290100.r006-cab9c303-a3f3-4128-87f1-f82c1c778b85",
            "ip_version": "ipv4",
            "protocol": "icmp",
            "related_crn": "crn:v1:bluemix:public:is:us-south:a/0e750a8f9d821890143065a8e38f0877::security-group:r006-301aa1c7-9293-4790-b400-67037f290100",
            "remote": "0.0.0.0/0",
            "rule_id": "r006-cab9c303-a3f3-4128-87f1-f82c1c778b85",
            "tcp": [],
            "udp": []
          },
          "sensitive_attributes": [],
          "private": "bnVsbA==",
          "dependencies": [
            "module.access.ibm_is_security_group.bastion-securitygroup",
            "module.access.ibm_resource_group.group",
            "module.vpc.ibm_is_vpc.vpc1"
          ]
        }
      ]
    },
    {
      "module": "module.access",
      "mode": "managed",
      "type": "ibm_is_security_group_rule",
      "name": "bastion-securitygroup-rule3",
      "provider": "module.access.provider[\"registry.terraform.io/ibm-cloud/ibm\"]",
      "instances": [
        {
          "schema_version": 0,
          "attributes": {
            "direction": "outbound",
            "group": "r006-301aa1c7-9293-4790-b400-67037f290100",
            "icmp": [],
            "id": "r006-301aa1c7-9293-4790-b400-67037f290100.r006-16d583f1-6092-464f-a295-85d25d6a32e7",
            "ip_version": "ipv4",
            "protocol": "tcp",
            "related_crn": "crn:v1:bluemix:public:is:us-south:a/0e750a8f9d821890143065a8e38f0877::security-group:r006-301aa1c7-9293-4790-b400-67037f290100",
            "remote": "r006-b17c39ad-85b5-4702-8eb6-431b9f01a6fc",
            "rule_id": "r006-16d583f1-6092-464f-a295-85d25d6a32e7",
            "tcp": [
              {
                "port_max": 22,
                "port_min": 22
              }
            ],
            "udp": []
          },
          "sensitive_attributes": [],
          "private": "bnVsbA==",
          "dependencies": [
            "module.access.ibm_is_security_group.bastion-securitygroup",
            "module.access.ibm_is_security_group.maintenance-securitygroup",
            "module.access.ibm_resource_group.group",
            "module.vpc.ibm_is_vpc.vpc1"
          ]
        }
      ]
    },
    {
      "module": "module.access",
      "mode": "managed",
      "type": "ibm_is_security_group_rule",
      "name": "dbtier-securitygroup-rule1",
      "provider": "module.access.provider[\"registry.terraform.io/ibm-cloud/ibm\"]",
      "instances": [
        {
          "schema_version": 0,
          "attributes": {
            "direction": "inbound",
            "group": "r006-4de22afd-af07-4b00-bd28-1f5e30b10db6",
            "icmp": [],
            "id": "r006-4de22afd-af07-4b00-bd28-1f5e30b10db6.r006-597bda15-f6f3-4233-b677-f0d9d5348717",
            "ip_version": "ipv4",
            "protocol": "all",
            "related_crn": "crn:v1:bluemix:public:is:us-south:a/0e750a8f9d821890143065a8e38f0877::security-group:r006-4de22afd-af07-4b00-bd28-1f5e30b10db6",
            "remote": "192.168.248.0/24",
            "rule_id": "r006-597bda15-f6f3-4233-b677-f0d9d5348717",
            "tcp": [],
            "udp": []
          },
          "sensitive_attributes": [],
          "private": "bnVsbA==",
          "dependencies": [
            "module.access.ibm_is_security_group.dbtier-securitygroup",
            "module.access.ibm_resource_group.group",
            "module.vpc.ibm_is_vpc.vpc1"
          ]
        }
      ]
    },
    {
      "module": "module.access",
      "mode": "managed",
      "type": "ibm_is_security_group_rule",
      "name": "dbtier-securitygroup-rule2",
      "provider": "module.access.provider[\"registry.terraform.io/ibm-cloud/ibm\"]",
      "instances": [
        {
          "schema_version": 0,
          "attributes": {
            "direction": "inbound",
            "group": "r006-4de22afd-af07-4b00-bd28-1f5e30b10db6",
            "icmp": [],
            "id": "r006-4de22afd-af07-4b00-bd28-1f5e30b10db6.r006-2a7d1a00-e5e7-49ae-9137-89acd5d0505f",
            "ip_version": "ipv4",
            "protocol": "all",
            "related_crn": "crn:v1:bluemix:public:is:us-south:a/0e750a8f9d821890143065a8e38f0877::security-group:r006-4de22afd-af07-4b00-bd28-1f5e30b10db6",
            "remote": "172.21.1.0/24",
            "rule_id": "r006-2a7d1a00-e5e7-49ae-9137-89acd5d0505f",
            "tcp": [],
            "udp": []
          },
          "sensitive_attributes": [],
          "private": "bnVsbA==",
          "dependencies": [
            "module.access.ibm_is_security_group.dbtier-securitygroup",
            "module.access.ibm_resource_group.group",
            "module.vpc.ibm_is_vpc.vpc1"
          ]
        }
      ]
    },
    {
      "module": "module.access",
      "mode": "managed",
      "type": "ibm_is_security_group_rule",
      "name": "dbtier-securitygroup-rule3",
      "provider": "module.access.provider[\"registry.terraform.io/ibm-cloud/ibm\"]",
      "instances": [
        {
          "schema_version": 0,
          "attributes": {
            "direction": "inbound",
            "group": "r006-4de22afd-af07-4b00-bd28-1f5e30b10db6",
            "icmp": [],
            "id": "r006-4de22afd-af07-4b00-bd28-1f5e30b10db6.r006-5f213330-39fb-43f2-aef2-60c611f70a7a",
            "ip_version": "ipv4",
            "protocol": "all",
            "related_crn": "crn:v1:bluemix:public:is:us-south:a/0e750a8f9d821890143065a8e38f0877::security-group:r006-4de22afd-af07-4b00-bd28-1f5e30b10db6",
            "remote": "172.21.9.0/24",
            "rule_id": "r006-5f213330-39fb-43f2-aef2-60c611f70a7a",
            "tcp": [],
            "udp": []
          },
          "sensitive_attributes": [],
          "private": "bnVsbA==",
          "dependencies": [
            "module.access.ibm_is_security_group.dbtier-securitygroup",
            "module.access.ibm_resource_group.group",
            "module.vpc.ibm_is_vpc.vpc1"
          ]
        }
      ]
    },
    {
      "module": "module.access",
      "mode": "managed",
      "type": "ibm_is_security_group_rule",
      "name": "dbtier-securitygroup-rule4",
      "provider": "module.access.provider[\"registry.terraform.io/ibm-cloud/ibm\"]",
      "instances": [
        {
          "schema_version": 0,
          "attributes": {
            "direction": "inbound",
            "group": "r006-4de22afd-af07-4b00-bd28-1f5e30b10db6",
            "icmp": [],
            "id": "r006-4de22afd-af07-4b00-bd28-1f5e30b10db6.r006-a2965d53-8204-4b76-b348-0963450866d7",
            "ip_version": "ipv4",
            "protocol": "tcp",
            "related_crn": "crn:v1:bluemix:public:is:us-south:a/0e750a8f9d821890143065a8e38f0877::security-group:r006-4de22afd-af07-4b00-bd28-1f5e30b10db6",
            "remote": "r006-7bdad9f8-3db5-437f-960d-a37175cee1c0",
            "rule_id": "r006-a2965d53-8204-4b76-b348-0963450866d7",
            "tcp": [
              {
                "port_max": 3306,
                "port_min": 3306
              }
            ],
            "udp": []
          },
          "sensitive_attributes": [],
          "private": "bnVsbA==",
          "dependencies": [
            "module.access.ibm_is_security_group.dbtier-securitygroup",
            "module.access.ibm_is_security_group.webapptier-securitygroup",
            "module.access.ibm_resource_group.group",
            "module.vpc.ibm_is_vpc.vpc1"
          ]
        }
      ]
    },
    {
      "module": "module.access",
      "mode": "managed",
      "type": "ibm_is_security_group_rule",
      "name": "dbtier-securitygroup-rule5",
      "provider": "module.access.provider[\"registry.terraform.io/ibm-cloud/ibm\"]",
      "instances": [
        {
          "schema_version": 0,
          "attributes": {
            "direction": "inbound",
            "group": "r006-4de22afd-af07-4b00-bd28-1f5e30b10db6",
            "icmp": [
              {
                "code": 0,
                "type": 8
              }
            ],
            "id": "r006-4de22afd-af07-4b00-bd28-1f5e30b10db6.r006-0a29cfc9-7ef9-4f6c-8e38-902fec6e4732",
            "ip_version": "ipv4",
            "protocol": "icmp",
            "related_crn": "crn:v1:bluemix:public:is:us-south:a/0e750a8f9d821890143065a8e38f0877::security-group:r006-4de22afd-af07-4b00-bd28-1f5e30b10db6",
            "remote": "0.0.0.0/0",
            "rule_id": "r006-0a29cfc9-7ef9-4f6c-8e38-902fec6e4732",
            "tcp": [],
            "udp": []
          },
          "sensitive_attributes": [],
          "private": "bnVsbA==",
          "dependencies": [
            "module.access.ibm_is_security_group.dbtier-securitygroup",
            "module.access.ibm_resource_group.group",
            "module.vpc.ibm_is_vpc.vpc1"
          ]
        }
      ]
    },
    {
      "module": "module.access",
      "mode": "managed",
      "type": "ibm_is_security_group_rule",
      "name": "dbtier-securitygroup-rule6",
      "provider": "module.access.provider[\"registry.terraform.io/ibm-cloud/ibm\"]",
      "instances": [
        {
          "schema_version": 0,
          "attributes": {
            "direction": "outbound",
            "group": "r006-4de22afd-af07-4b00-bd28-1f5e30b10db6",
            "icmp": [],
            "id": "r006-4de22afd-af07-4b00-bd28-1f5e30b10db6.r006-1144387d-1b10-4aef-88ea-12e25ee9003d",
            "ip_version": "ipv4",
            "protocol": "all",
            "related_crn": "crn:v1:bluemix:public:is:us-south:a/0e750a8f9d821890143065a8e38f0877::security-group:r006-4de22afd-af07-4b00-bd28-1f5e30b10db6",
            "remote": "0.0.0.0/0",
            "rule_id": "r006-1144387d-1b10-4aef-88ea-12e25ee9003d",
            "tcp": [],
            "udp": []
          },
          "sensitive_attributes": [],
          "private": "bnVsbA==",
          "dependencies": [
            "module.access.ibm_is_security_group.dbtier-securitygroup",
            "module.access.ibm_resource_group.group",
            "module.vpc.ibm_is_vpc.vpc1"
          ]
        }
      ]
    },
    {
      "module": "module.access",
      "mode": "managed",
      "type": "ibm_is_security_group_rule",
      "name": "maintenance-securitygroup-rule1",
      "provider": "module.access.provider[\"registry.terraform.io/ibm-cloud/ibm\"]",
      "instances": [
        {
          "schema_version": 0,
          "attributes": {
            "direction": "outbound",
            "group": "r006-b17c39ad-85b5-4702-8eb6-431b9f01a6fc",
            "icmp": [],
            "id": "r006-b17c39ad-85b5-4702-8eb6-431b9f01a6fc.r006-17f095f0-e956-46b5-8781-1d85ffb91d89",
            "ip_version": "ipv4",
            "protocol": "tcp",
            "related_crn": "crn:v1:bluemix:public:is:us-south:a/0e750a8f9d821890143065a8e38f0877::security-group:r006-b17c39ad-85b5-4702-8eb6-431b9f01a6fc",
            "remote": "0.0.0.0/0",
            "rule_id": "r006-17f095f0-e956-46b5-8781-1d85ffb91d89",
            "tcp": [
              {
                "port_max": 80,
                "port_min": 80
              }
            ],
            "udp": []
          },
          "sensitive_attributes": [],
          "private": "bnVsbA==",
          "dependencies": [
            "module.access.ibm_is_security_group.maintenance-securitygroup",
            "module.access.ibm_resource_group.group",
            "module.vpc.ibm_is_vpc.vpc1"
          ]
        }
      ]
    },
    {
      "module": "module.access",
      "mode": "managed",
      "type": "ibm_is_security_group_rule",
      "name": "maintenance-securitygroup-rule2",
      "provider": "module.access.provider[\"registry.terraform.io/ibm-cloud/ibm\"]",
      "instances": [
        {
          "schema_version": 0,
          "attributes": {
            "direction": "outbound",
            "group": "r006-b17c39ad-85b5-4702-8eb6-431b9f01a6fc",
            "icmp": [],
            "id": "r006-b17c39ad-85b5-4702-8eb6-431b9f01a6fc.r006-c70f795b-3833-448e-ab57-a4f1de1c589f",
            "ip_version": "ipv4",
            "protocol": "tcp",
            "related_crn": "crn:v1:bluemix:public:is:us-south:a/0e750a8f9d821890143065a8e38f0877::security-group:r006-b17c39ad-85b5-4702-8eb6-431b9f01a6fc",
            "remote": "0.0.0.0/0",
            "rule_id": "r006-c70f795b-3833-448e-ab57-a4f1de1c589f",
            "tcp": [
              {
                "port_max": 443,
                "port_min": 443
              }
            ],
            "udp": []
          },
          "sensitive_attributes": [],
          "private": "bnVsbA==",
          "dependencies": [
            "module.access.ibm_is_security_group.maintenance-securitygroup",
            "module.access.ibm_resource_group.group",
            "module.vpc.ibm_is_vpc.vpc1"
          ]
        }
      ]
    },
    {
      "module": "module.access",
      "mode": "managed",
      "type": "ibm_is_security_group_rule",
      "name": "maintenance-securitygroup-rule3",
      "provider": "module.access.provider[\"registry.terraform.io/ibm-cloud/ibm\"]",
      "instances": [
        {
          "schema_version": 0,
          "attributes": {
            "direction": "outbound",
            "group": "r006-b17c39ad-85b5-4702-8eb6-431b9f01a6fc",
            "icmp": [],
            "id": "r006-b17c39ad-85b5-4702-8eb6-431b9f01a6fc.r006-a28686ef-de76-48c1-b6c0-e96b8305db07",
            "ip_version": "ipv4",
            "protocol": "tcp",
            "related_crn": "crn:v1:bluemix:public:is:us-south:a/0e750a8f9d821890143065a8e38f0877::security-group:r006-b17c39ad-85b5-4702-8eb6-431b9f01a6fc",
            "remote": "0.0.0.0/0",
            "rule_id": "r006-a28686ef-de76-48c1-b6c0-e96b8305db07",
            "tcp": [
              {
                "port_max": 53,
                "port_min": 53
              }
            ],
            "udp": []
          },
          "sensitive_attributes": [],
          "private": "bnVsbA==",
          "dependencies": [
            "module.access.ibm_is_security_group.maintenance-securitygroup",
            "module.access.ibm_resource_group.group",
            "module.vpc.ibm_is_vpc.vpc1"
          ]
        }
      ]
    },
    {
      "module": "module.access",
      "mode": "managed",
      "type": "ibm_is_security_group_rule",
      "name": "maintenance-securitygroup-rule4",
      "provider": "module.access.provider[\"registry.terraform.io/ibm-cloud/ibm\"]",
      "instances": [
        {
          "schema_version": 0,
          "attributes": {
            "direction": "outbound",
            "group": "r006-b17c39ad-85b5-4702-8eb6-431b9f01a6fc",
            "icmp": [],
            "id": "r006-b17c39ad-85b5-4702-8eb6-431b9f01a6fc.r006-945ec8d8-a8a0-470c-afe7-c338e3f00657",
            "ip_version": "ipv4",
            "protocol": "udp",
            "related_crn": "crn:v1:bluemix:public:is:us-south:a/0e750a8f9d821890143065a8e38f0877::security-group:r006-b17c39ad-85b5-4702-8eb6-431b9f01a6fc",
            "remote": "0.0.0.0/0",
            "rule_id": "r006-945ec8d8-a8a0-470c-afe7-c338e3f00657",
            "tcp": [],
            "udp": [
              {
                "port_max": 53,
                "port_min": 53
              }
            ]
          },
          "sensitive_attributes": [],
          "private": "bnVsbA==",
          "dependencies": [
            "module.access.ibm_is_security_group.maintenance-securitygroup",
            "module.access.ibm_resource_group.group",
            "module.vpc.ibm_is_vpc.vpc1"
          ]
        }
      ]
    },
    {
      "module": "module.access",
      "mode": "managed",
      "type": "ibm_is_security_group_rule",
      "name": "maintenance-securitygroup-rule5",
      "provider": "module.access.provider[\"registry.terraform.io/ibm-cloud/ibm\"]",
      "instances": [
        {
          "schema_version": 0,
          "attributes": {
            "direction": "inbound",
            "group": "r006-b17c39ad-85b5-4702-8eb6-431b9f01a6fc",
            "icmp": [],
            "id": "r006-b17c39ad-85b5-4702-8eb6-431b9f01a6fc.r006-7d956523-5817-4b8a-9921-6268e8695786",
            "ip_version": "ipv4",
            "protocol": "tcp",
            "related_crn": "crn:v1:bluemix:public:is:us-south:a/0e750a8f9d821890143065a8e38f0877::security-group:r006-b17c39ad-85b5-4702-8eb6-431b9f01a6fc",
            "remote": "r006-301aa1c7-9293-4790-b400-67037f290100",
            "rule_id": "r006-7d956523-5817-4b8a-9921-6268e8695786",
            "tcp": [
              {
                "port_max": 22,
                "port_min": 22
              }
            ],
            "udp": []
          },
          "sensitive_attributes": [],
          "private": "bnVsbA==",
          "dependencies": [
            "module.access.ibm_is_security_group.bastion-securitygroup",
            "module.access.ibm_is_security_group.maintenance-securitygroup",
            "module.access.ibm_resource_group.group",
            "module.vpc.ibm_is_vpc.vpc1"
          ]
        }
      ]
    },
    {
      "module": "module.access",
      "mode": "managed",
      "type": "ibm_is_security_group_rule",
      "name": "webapptier-securitygroup-rule1",
      "provider": "module.access.provider[\"registry.terraform.io/ibm-cloud/ibm\"]",
      "instances": [
        {
          "schema_version": 0,
          "attributes": {
            "direction": "inbound",
            "group": "r006-7bdad9f8-3db5-437f-960d-a37175cee1c0",
            "icmp": [],
            "id": "r006-7bdad9f8-3db5-437f-960d-a37175cee1c0.r006-3f71f1d9-1737-4845-9c57-0bccc0ef501e",
            "ip_version": "ipv4",
            "protocol": "all",
            "related_crn": "crn:v1:bluemix:public:is:us-south:a/0e750a8f9d821890143065a8e38f0877::security-group:r006-7bdad9f8-3db5-437f-960d-a37175cee1c0",
            "remote": "172.21.0.0/24",
            "rule_id": "r006-3f71f1d9-1737-4845-9c57-0bccc0ef501e",
            "tcp": [],
            "udp": []
          },
          "sensitive_attributes": [],
          "private": "bnVsbA==",
          "dependencies": [
            "module.access.ibm_is_security_group.webapptier-securitygroup",
            "module.access.ibm_resource_group.group",
            "module.vpc.ibm_is_vpc.vpc1"
          ]
        }
      ]
    },
    {
      "module": "module.access",
      "mode": "managed",
      "type": "ibm_is_security_group_rule",
      "name": "webapptier-securitygroup-rule2",
      "provider": "module.access.provider[\"registry.terraform.io/ibm-cloud/ibm\"]",
      "instances": [
        {
          "schema_version": 0,
          "attributes": {
            "direction": "inbound",
            "group": "r006-7bdad9f8-3db5-437f-960d-a37175cee1c0",
            "icmp": [],
            "id": "r006-7bdad9f8-3db5-437f-960d-a37175cee1c0.r006-261d45a3-f42f-444f-9927-aee59888b875",
            "ip_version": "ipv4",
            "protocol": "all",
            "related_crn": "crn:v1:bluemix:public:is:us-south:a/0e750a8f9d821890143065a8e38f0877::security-group:r006-7bdad9f8-3db5-437f-960d-a37175cee1c0",
            "remote": "172.21.8.0/24",
            "rule_id": "r006-261d45a3-f42f-444f-9927-aee59888b875",
            "tcp": [],
            "udp": []
          },
          "sensitive_attributes": [],
          "private": "bnVsbA==",
          "dependencies": [
            "module.access.ibm_is_security_group.webapptier-securitygroup",
            "module.access.ibm_resource_group.group",
            "module.vpc.ibm_is_vpc.vpc1"
          ]
        }
      ]
    },
    {
      "module": "module.access",
      "mode": "managed",
      "type": "ibm_is_security_group_rule",
      "name": "webapptier-securitygroup-rule3",
      "provider": "module.access.provider[\"registry.terraform.io/ibm-cloud/ibm\"]",
      "instances": [
        {
          "schema_version": 0,
          "attributes": {
            "direction": "inbound",
            "group": "r006-7bdad9f8-3db5-437f-960d-a37175cee1c0",
            "icmp": [],
            "id": "r006-7bdad9f8-3db5-437f-960d-a37175cee1c0.r006-dc4ecca2-598e-4b37-8e73-1ff5ebfbdac2",
            "ip_version": "ipv4",
            "protocol": "all",
            "related_crn": "crn:v1:bluemix:public:is:us-south:a/0e750a8f9d821890143065a8e38f0877::security-group:r006-7bdad9f8-3db5-437f-960d-a37175cee1c0",
            "remote": "192.168.248.0/24",
            "rule_id": "r006-dc4ecca2-598e-4b37-8e73-1ff5ebfbdac2",
            "tcp": [],
            "udp": []
          },
          "sensitive_attributes": [],
          "private": "bnVsbA==",
          "dependencies": [
            "module.access.ibm_is_security_group.webapptier-securitygroup",
            "module.access.ibm_resource_group.group",
            "module.vpc.ibm_is_vpc.vpc1"
          ]
        }
      ]
    },
    {
      "module": "module.access",
      "mode": "managed",
      "type": "ibm_is_security_group_rule",
      "name": "webapptier-securitygroup-rule4",
      "provider": "module.access.provider[\"registry.terraform.io/ibm-cloud/ibm\"]",
      "instances": [
        {
          "schema_version": 0,
          "attributes": {
            "direction": "inbound",
            "group": "r006-7bdad9f8-3db5-437f-960d-a37175cee1c0",
            "icmp": [],
            "id": "r006-7bdad9f8-3db5-437f-960d-a37175cee1c0.r006-5715e355-868f-4112-ab47-350c1944b2a3",
            "ip_version": "ipv4",
            "protocol": "tcp",
            "related_crn": "crn:v1:bluemix:public:is:us-south:a/0e750a8f9d821890143065a8e38f0877::security-group:r006-7bdad9f8-3db5-437f-960d-a37175cee1c0",
            "remote": "0.0.0.0/0",
            "rule_id": "r006-5715e355-868f-4112-ab47-350c1944b2a3",
            "tcp": [
              {
                "port_max": 80,
                "port_min": 80
              }
            ],
            "udp": []
          },
          "sensitive_attributes": [],
          "private": "bnVsbA==",
          "dependencies": [
            "module.access.ibm_is_security_group.webapptier-securitygroup",
            "module.access.ibm_resource_group.group",
            "module.vpc.ibm_is_vpc.vpc1"
          ]
        }
      ]
    },
    {
      "module": "module.access",
      "mode": "managed",
      "type": "ibm_is_security_group_rule",
      "name": "webapptier-securitygroup-rule5",
      "provider": "module.access.provider[\"registry.terraform.io/ibm-cloud/ibm\"]",
      "instances": [
        {
          "schema_version": 0,
          "attributes": {
            "direction": "inbound",
            "group": "r006-7bdad9f8-3db5-437f-960d-a37175cee1c0",
            "icmp": [
              {
                "code": 0,
                "type": 8
              }
            ],
            "id": "r006-7bdad9f8-3db5-437f-960d-a37175cee1c0.r006-d91de3d2-d9b2-43ee-8d2b-235ff0eb3989",
            "ip_version": "ipv4",
            "protocol": "icmp",
            "related_crn": "crn:v1:bluemix:public:is:us-south:a/0e750a8f9d821890143065a8e38f0877::security-group:r006-7bdad9f8-3db5-437f-960d-a37175cee1c0",
            "remote": "0.0.0.0/0",
            "rule_id": "r006-d91de3d2-d9b2-43ee-8d2b-235ff0eb3989",
            "tcp": [],
            "udp": []
          },
          "sensitive_attributes": [],
          "private": "bnVsbA==",
          "dependencies": [
            "module.access.ibm_is_security_group.webapptier-securitygroup",
            "module.access.ibm_resource_group.group",
            "module.vpc.ibm_is_vpc.vpc1"
          ]
        }
      ]
    },
    {
      "module": "module.access",
      "mode": "managed",
      "type": "ibm_is_security_group_rule",
      "name": "webapptier-securitygroup-rule6",
      "provider": "module.access.provider[\"registry.terraform.io/ibm-cloud/ibm\"]",
      "instances": [
        {
          "schema_version": 0,
          "attributes": {
            "direction": "outbound",
            "group": "r006-7bdad9f8-3db5-437f-960d-a37175cee1c0",
            "icmp": [],
            "id": "r006-7bdad9f8-3db5-437f-960d-a37175cee1c0.r006-396474f7-b51f-4e95-8c92-91895d722329",
            "ip_version": "ipv4",
            "protocol": "all",
            "related_crn": "crn:v1:bluemix:public:is:us-south:a/0e750a8f9d821890143065a8e38f0877::security-group:r006-7bdad9f8-3db5-437f-960d-a37175cee1c0",
            "remote": "0.0.0.0/0",
            "rule_id": "r006-396474f7-b51f-4e95-8c92-91895d722329",
            "tcp": [],
            "udp": []
          },
          "sensitive_attributes": [],
          "private": "bnVsbA==",
          "dependencies": [
            "module.access.ibm_is_security_group.webapptier-securitygroup",
            "module.access.ibm_resource_group.group",
            "module.vpc.ibm_is_vpc.vpc1"
          ]
        }
      ]
    },
    {
      "module": "module.access",
      "mode": "managed",
      "type": "ibm_is_ssh_key",
      "name": "sshkey",
      "provider": "module.access.provider[\"registry.terraform.io/ibm-cloud/ibm\"]",
      "instances": [
        {
          "schema_version": 0,
          "attributes": {
            "fingerprint": "SHA256:LObxLoSYv9gwZf8/roNN3TaP2QnwdIdo4GZEK095B2c",
            "id": "r006-e23873e3-3f69-4fb3-8b5e-a5c05fe477c2",
            "length": 2048,
            "name": "wordpress-demo-key",
            "public_key": "ssh-rsa AAAAB3NzaC1yc2EAAAADAQABAAABAQCtydzSgAfrDPvgngI4gLJ91ue+ntFt/22Ug9QnV+8YJ8pNuQQHCGIK+XxSTUnkQdlSSbM16ThvPgLE1VVruHwy0H8Q3fg3U4B4skRr93UCdIo4Tf4MCARbzcbwOfHIi24Y5HwJAX3IAK9lt9fM8STgG7mN0/ue7advVf43kkOmK/qJGg7wTSnR63zg9Ylk0ckPLJj/xxnxRsGDh5jZXWAhZuOK47kkUbPrTJYDeo1WcQdMFQrKrQBT3Oy1knlw+K67/gKWQIgV3Fgs3W5yiKYXbeMuX0sgVjbgRUCKjmpv8l1HTDmtUJ95BPu/TfP5gR0vOOjSyeKeymC+m9qdVtHx",
            "resource_controller_url": "https://cloud.ibm.com/vpc-ext/compute/sshKeys",
            "resource_crn": "crn:v1:bluemix:public:is:us-south:a/0e750a8f9d821890143065a8e38f0877::key:r006-e23873e3-3f69-4fb3-8b5e-a5c05fe477c2",
            "resource_group": "b53c38b79f834591854c7e2e057dec96",
            "resource_group_name": "jww85webapprg",
            "resource_name": "wordpress-demo-key",
            "tags": [],
            "type": "rsa"
          },
          "sensitive_attributes": [],
          "private": "bnVsbA==",
          "dependencies": [
            "module.access.ibm_resource_group.group"
          ]
        }
      ]
    },
    {
      "module": "module.access",
      "mode": "managed",
      "type": "ibm_resource_group",
      "name": "group",
      "provider": "module.access.provider[\"registry.terraform.io/ibm-cloud/ibm\"]",
      "instances": [
        {
          "schema_version": 0,
          "attributes": {
            "created_at": "2022-08-26T20:48:07.692Z",
            "crn": "crn:v1:bluemix:public:resource-controller::a/0e750a8f9d821890143065a8e38f0877::resource-group:b53c38b79f834591854c7e2e057dec96",
            "default": false,
            "id": "b53c38b79f834591854c7e2e057dec96",
            "name": "jww85webapprg",
            "payment_methods_url": null,
            "quota_id": "a3d7b8d01e261c24677937c29ab33f3c",
            "quota_url": "/v2/quota_definitions/a3d7b8d01e261c24677937c29ab33f3c",
            "resource_linkages": [],
            "state": "ACTIVE",
            "tags": null,
            "teams_url": null,
            "updated_at": "2022-08-26T20:48:07.693Z"
          },
          "sensitive_attributes": [],
          "private": "bnVsbA=="
        }
      ]
    },
    {
      "module": "module.backend",
      "mode": "managed",
      "type": "ibm_is_instance",
      "name": "dbserver-zone1",
      "provider": "module.backend.provider[\"registry.terraform.io/ibm-cloud/ibm\"]",
      "instances": [
        {
          "index_key": 0,
          "schema_version": 0,
          "attributes": {
            "auto_delete_volume": null,
            "boot_volume": [
              {
                "encryption": "",
                "iops": 3000,
                "name": "dbserver-zone1-boot",
                "profile": "general-purpose",
                "size": 100
              }
            ],
            "dedicated_host": null,
            "dedicated_host_group": null,
            "disks": [],
            "force_recovery_time": null,
            "gpu": [],
            "id": "0717_a1833d95-2dd2-462a-96a6-4f7ab8448fd6",
            "image": "r006-bf0495b9-648e-465f-ab7d-f5e048bd123d",
            "keys": [
              "r006-e23873e3-3f69-4fb3-8b5e-a5c05fe477c2"
            ],
            "memory": 16,
            "name": "mysql01-us-south-1",
            "network_interfaces": [],
            "primary_network_interface": [
              {
                "allow_ip_spoofing": false,
                "id": "0717-23c3382d-a849-4c47-a58e-ea13b4b311bb",
                "name": "dbserver-zone1-primary",
                "port_speed": 0,
                "primary_ipv4_address": "172.21.1.4",
                "security_groups": [
                  "r006-4de22afd-af07-4b00-bd28-1f5e30b10db6",
                  "r006-b17c39ad-85b5-4702-8eb6-431b9f01a6fc"
                ],
                "subnet": "0717-59350c45-f249-4fb6-8bf9-8866b3958bee"
              }
            ],
            "profile": "bx2-4x16",
            "resource_controller_url": "https://cloud.ibm.com/vpc-ext/compute/vs",
            "resource_crn": "crn:v1:bluemix:public:is:us-south-1:a/0e750a8f9d821890143065a8e38f0877::instance:0717_a1833d95-2dd2-462a-96a6-4f7ab8448fd6",
            "resource_group": "b53c38b79f834591854c7e2e057dec96",
            "resource_group_name": "jww85webapprg",
            "resource_name": "mysql01-us-south-1",
            "resource_status": "running",
            "status": "running",
            "tags": [],
            "timeouts": null,
            "user_data": null,
            "vcpu": [
              {
                "architecture": "amd64",
                "count": 4
              }
            ],
            "volume_attachments": [
              {
                "id": "0717-07793e24-0668-4da5-8f0a-c154d2f7f253",
                "name": "moreover-rebuild-spherical-gigahertz",
                "volume_crn": "crn:v1:bluemix:public:is:us-south-1:a/0e750a8f9d821890143065a8e38f0877::volume:r006-60d80de5-a590-470a-bfde-b42b77db3cf5",
                "volume_id": "r006-60d80de5-a590-470a-bfde-b42b77db3cf5",
                "volume_name": "dbserver-zone1-boot"
              }
            ],
            "volumes": null,
            "vpc": "r006-1223cb23-326f-44ad-a8a5-aa1d2b4e14e2",
            "wait_before_delete": true,
            "zone": "us-south-1"
          },
          "sensitive_attributes": [],
          "private": "eyJlMmJmYjczMC1lY2FhLTExZTYtOGY4OC0zNDM2M2JjN2M0YzAiOnsiY3JlYXRlIjoxODAwMDAwMDAwMDAwLCJkZWxldGUiOjE4MDAwMDAwMDAwMDAsInVwZGF0ZSI6MTgwMDAwMDAwMDAwMH19",
          "dependencies": [
            "module.access.ibm_is_security_group.dbtier-securitygroup",
            "module.access.ibm_is_security_group.maintenance-securitygroup",
            "module.access.ibm_is_ssh_key.sshkey",
            "module.access.ibm_resource_group.group",
            "module.vpc.ibm_is_subnet.dbtier-subnet-zone1",
            "module.vpc.ibm_is_vpc.vpc1"
          ]
        }
      ]
    },
    {
      "module": "module.backend",
      "mode": "managed",
      "type": "ibm_is_instance",
      "name": "dbserver-zone2",
      "provider": "module.backend.provider[\"registry.terraform.io/ibm-cloud/ibm\"]",
      "instances": [
        {
          "index_key": 0,
          "schema_version": 0,
          "attributes": {
            "auto_delete_volume": null,
            "boot_volume": [
              {
                "encryption": "",
                "iops": 3000,
                "name": "dbserver-zone2-boot",
                "profile": "general-purpose",
                "size": 100
              }
            ],
            "dedicated_host": null,
            "dedicated_host_group": null,
            "disks": [],
            "force_recovery_time": null,
            "gpu": [],
            "id": "0727_79c890d2-3d96-40b6-a801-177e33f43d75",
            "image": "r006-bf0495b9-648e-465f-ab7d-f5e048bd123d",
            "keys": [
              "r006-e23873e3-3f69-4fb3-8b5e-a5c05fe477c2"
            ],
            "memory": 16,
            "name": "mysql01-us-south-2",
            "network_interfaces": [],
            "primary_network_interface": [
              {
                "allow_ip_spoofing": false,
                "id": "0727-e91ae747-a648-44d7-b38a-c5762718f88b",
                "name": "dbserver-zone2-primary",
                "port_speed": 0,
                "primary_ipv4_address": "172.21.9.4",
                "security_groups": [
                  "r006-4de22afd-af07-4b00-bd28-1f5e30b10db6",
                  "r006-b17c39ad-85b5-4702-8eb6-431b9f01a6fc"
                ],
                "subnet": "0727-efec141c-1d67-4bee-9d84-965a39ed474a"
              }
            ],
            "profile": "bx2-4x16",
            "resource_controller_url": "https://cloud.ibm.com/vpc-ext/compute/vs",
            "resource_crn": "crn:v1:bluemix:public:is:us-south-2:a/0e750a8f9d821890143065a8e38f0877::instance:0727_79c890d2-3d96-40b6-a801-177e33f43d75",
            "resource_group": "b53c38b79f834591854c7e2e057dec96",
            "resource_group_name": "jww85webapprg",
            "resource_name": "mysql01-us-south-2",
            "resource_status": "running",
            "status": "running",
            "tags": [],
            "timeouts": null,
            "user_data": null,
            "vcpu": [
              {
                "architecture": "amd64",
                "count": 4
              }
            ],
            "volume_attachments": [
              {
                "id": "0727-39f41830-49ed-4ff4-96bb-15a407ff356a",
                "name": "rural-commerce-grommet-landless",
                "volume_crn": "crn:v1:bluemix:public:is:us-south-2:a/0e750a8f9d821890143065a8e38f0877::volume:r006-0930626f-345b-4d59-b993-7d12a802693e",
                "volume_id": "r006-0930626f-345b-4d59-b993-7d12a802693e",
                "volume_name": "dbserver-zone2-boot"
              }
            ],
            "volumes": null,
            "vpc": "r006-1223cb23-326f-44ad-a8a5-aa1d2b4e14e2",
            "wait_before_delete": true,
            "zone": "us-south-2"
          },
          "sensitive_attributes": [],
          "private": "eyJlMmJmYjczMC1lY2FhLTExZTYtOGY4OC0zNDM2M2JjN2M0YzAiOnsiY3JlYXRlIjoxODAwMDAwMDAwMDAwLCJkZWxldGUiOjE4MDAwMDAwMDAwMDAsInVwZGF0ZSI6MTgwMDAwMDAwMDAwMH19",
          "dependencies": [
            "module.access.ibm_is_security_group.dbtier-securitygroup",
            "module.access.ibm_is_security_group.maintenance-securitygroup",
            "module.access.ibm_is_ssh_key.sshkey",
            "module.access.ibm_resource_group.group",
            "module.vpc.ibm_is_subnet.dbtier-subnet-zone2",
            "module.vpc.ibm_is_vpc.vpc1"
          ]
        }
      ]
    },
    {
      "module": "module.bastion",
      "mode": "managed",
      "type": "ibm_is_floating_ip",
      "name": "bastionserver-zone1-fip",
      "provider": "module.bastion.provider[\"registry.terraform.io/ibm-cloud/ibm\"]",
      "instances": [
        {
          "schema_version": 0,
          "attributes": {
            "address": "52.118.184.84",
            "id": "r006-583e5f8f-7974-487c-9208-79c423572e09",
            "name": "bastion-us-south-1-fip",
            "resource_controller_url": "https://cloud.ibm.com/vpc-ext/network/floatingIPs",
            "resource_crn": "crn:v1:bluemix:public:is:us-south-1:a/0e750a8f9d821890143065a8e38f0877::floating-ip:r006-583e5f8f-7974-487c-9208-79c423572e09",
            "resource_group": "b53c38b79f834591854c7e2e057dec96",
            "resource_group_name": "jww85webapprg",
            "resource_name": "bastion-us-south-1-fip",
            "resource_status": "available",
            "status": "available",
            "tags": [],
            "target": "0717-66640666-281b-45a8-afd4-10ed82356ea0",
            "timeouts": null,
            "zone": "us-south-1"
          },
          "sensitive_attributes": [],
          "private": "eyJlMmJmYjczMC1lY2FhLTExZTYtOGY4OC0zNDM2M2JjN2M0YzAiOnsiY3JlYXRlIjo2MDAwMDAwMDAwMDAsImRlbGV0ZSI6NjAwMDAwMDAwMDAwfX0=",
          "dependencies": [
            "module.access.ibm_is_security_group.bastion-securitygroup",
            "module.access.ibm_is_ssh_key.sshkey",
            "module.access.ibm_resource_group.group",
            "module.bastion.ibm_is_instance.bastionserver-zone1",
            "module.vpc.ibm_is_subnet.bastion-subnet-zone1",
            "module.vpc.ibm_is_vpc.vpc1"
          ]
        }
      ]
    },
    {
      "module": "module.bastion",
      "mode": "managed",
      "type": "ibm_is_floating_ip",
      "name": "bastionserver-zone2-fip",
      "provider": "module.bastion.provider[\"registry.terraform.io/ibm-cloud/ibm\"]",
      "instances": [
        {
          "schema_version": 0,
          "attributes": {
            "address": "150.239.165.65",
            "id": "r006-e0fc9e9a-190e-4738-b21a-e8170d0a980a",
            "name": "bastion-us-south-2-fip",
            "resource_controller_url": "https://cloud.ibm.com/vpc-ext/network/floatingIPs",
            "resource_crn": "crn:v1:bluemix:public:is:us-south-2:a/0e750a8f9d821890143065a8e38f0877::floating-ip:r006-e0fc9e9a-190e-4738-b21a-e8170d0a980a",
            "resource_group": "b53c38b79f834591854c7e2e057dec96",
            "resource_group_name": "jww85webapprg",
            "resource_name": "bastion-us-south-2-fip",
            "resource_status": "available",
            "status": "available",
            "tags": [],
            "target": "0727-3cf5b069-1b71-45d0-8ab8-f92ed25e0a8a",
            "timeouts": null,
            "zone": "us-south-2"
          },
          "sensitive_attributes": [],
          "private": "eyJlMmJmYjczMC1lY2FhLTExZTYtOGY4OC0zNDM2M2JjN2M0YzAiOnsiY3JlYXRlIjo2MDAwMDAwMDAwMDAsImRlbGV0ZSI6NjAwMDAwMDAwMDAwfX0=",
          "dependencies": [
            "module.access.ibm_is_security_group.bastion-securitygroup",
            "module.access.ibm_is_ssh_key.sshkey",
            "module.access.ibm_resource_group.group",
            "module.bastion.ibm_is_instance.bastionserver-zone2",
            "module.vpc.ibm_is_subnet.bastion-subnet-zone2",
            "module.vpc.ibm_is_vpc.vpc1"
          ]
        }
      ]
    },
    {
      "module": "module.bastion",
      "mode": "managed",
      "type": "ibm_is_instance",
      "name": "bastionserver-zone1",
      "provider": "module.bastion.provider[\"registry.terraform.io/ibm-cloud/ibm\"]",
      "instances": [
        {
          "schema_version": 0,
          "attributes": {
            "auto_delete_volume": null,
            "boot_volume": [
              {
                "encryption": "",
                "iops": 3000,
                "name": "bastionserver-zone1-boot",
                "profile": "general-purpose",
                "size": 100
              }
            ],
            "dedicated_host": null,
            "dedicated_host_group": null,
            "disks": [],
            "force_recovery_time": null,
            "gpu": [],
            "id": "0717_a4520acd-5118-48fc-bca1-8bfb183c2deb",
            "image": "r006-bf0495b9-648e-465f-ab7d-f5e048bd123d",
            "keys": [
              "r006-e23873e3-3f69-4fb3-8b5e-a5c05fe477c2"
            ],
            "memory": 4,
            "name": "bastion-us-south-1",
            "network_interfaces": [],
            "primary_network_interface": [
              {
                "allow_ip_spoofing": false,
                "id": "0717-66640666-281b-45a8-afd4-10ed82356ea0",
                "name": "bastionserver-zone1-primary",
                "port_speed": 0,
                "primary_ipv4_address": "10.240.0.4",
                "security_groups": [
                  "r006-301aa1c7-9293-4790-b400-67037f290100"
                ],
                "subnet": "0717-f4c44512-6e7f-43aa-8153-daa0585e63ee"
              }
            ],
            "profile": "cx2-2x4",
            "resource_controller_url": "https://cloud.ibm.com/vpc-ext/compute/vs",
            "resource_crn": "crn:v1:bluemix:public:is:us-south-1:a/0e750a8f9d821890143065a8e38f0877::instance:0717_a4520acd-5118-48fc-bca1-8bfb183c2deb",
            "resource_group": "b53c38b79f834591854c7e2e057dec96",
            "resource_group_name": "jww85webapprg",
            "resource_name": "bastion-us-south-1",
            "resource_status": "running",
            "status": "running",
            "tags": [],
            "timeouts": null,
            "user_data": null,
            "vcpu": [
              {
                "architecture": "amd64",
                "count": 2
              }
            ],
            "volume_attachments": [
              {
                "id": "0717-a389350f-b062-43df-96b1-4234b343d11f",
                "name": "dust-shrunk-evasion-thespian",
                "volume_crn": "crn:v1:bluemix:public:is:us-south-1:a/0e750a8f9d821890143065a8e38f0877::volume:r006-57a80766-b57c-4657-a9ca-2068e4335e51",
                "volume_id": "r006-57a80766-b57c-4657-a9ca-2068e4335e51",
                "volume_name": "bastionserver-zone1-boot"
              }
            ],
            "volumes": null,
            "vpc": "r006-1223cb23-326f-44ad-a8a5-aa1d2b4e14e2",
            "wait_before_delete": true,
            "zone": "us-south-1"
          },
          "sensitive_attributes": [],
          "private": "eyJlMmJmYjczMC1lY2FhLTExZTYtOGY4OC0zNDM2M2JjN2M0YzAiOnsiY3JlYXRlIjoxODAwMDAwMDAwMDAwLCJkZWxldGUiOjE4MDAwMDAwMDAwMDAsInVwZGF0ZSI6MTgwMDAwMDAwMDAwMH19",
          "dependencies": [
            "module.access.ibm_is_security_group.bastion-securitygroup",
            "module.access.ibm_is_ssh_key.sshkey",
            "module.access.ibm_resource_group.group",
            "module.vpc.ibm_is_subnet.bastion-subnet-zone1",
            "module.vpc.ibm_is_vpc.vpc1"
          ]
        }
      ]
    },
    {
      "module": "module.bastion",
      "mode": "managed",
      "type": "ibm_is_instance",
      "name": "bastionserver-zone2",
      "provider": "module.bastion.provider[\"registry.terraform.io/ibm-cloud/ibm\"]",
      "instances": [
        {
          "schema_version": 0,
          "attributes": {
            "auto_delete_volume": null,
            "boot_volume": [
              {
                "encryption": "",
                "iops": 3000,
                "name": "bastionserver-zone2-boot",
                "profile": "general-purpose",
                "size": 100
              }
            ],
            "dedicated_host": null,
            "dedicated_host_group": null,
            "disks": [],
            "force_recovery_time": null,
            "gpu": [],
            "id": "0727_c71c4fa2-1118-427e-9ded-bb18e29175ad",
            "image": "r006-bf0495b9-648e-465f-ab7d-f5e048bd123d",
            "keys": [
              "r006-e23873e3-3f69-4fb3-8b5e-a5c05fe477c2"
            ],
            "memory": 4,
            "name": "bastion-us-south-2",
            "network_interfaces": [],
            "primary_network_interface": [
              {
                "allow_ip_spoofing": false,
                "id": "0727-3cf5b069-1b71-45d0-8ab8-f92ed25e0a8a",
                "name": "bastionserver-zone2-primary",
                "port_speed": 0,
                "primary_ipv4_address": "10.240.64.4",
                "security_groups": [
                  "r006-301aa1c7-9293-4790-b400-67037f290100"
                ],
                "subnet": "0727-4d1d6cd0-6cf3-474d-906d-aaddac7bc584"
              }
            ],
            "profile": "cx2-2x4",
            "resource_controller_url": "https://cloud.ibm.com/vpc-ext/compute/vs",
            "resource_crn": "crn:v1:bluemix:public:is:us-south-2:a/0e750a8f9d821890143065a8e38f0877::instance:0727_c71c4fa2-1118-427e-9ded-bb18e29175ad",
            "resource_group": "b53c38b79f834591854c7e2e057dec96",
            "resource_group_name": "jww85webapprg",
            "resource_name": "bastion-us-south-2",
            "resource_status": "running",
            "status": "running",
            "tags": [],
            "timeouts": null,
            "user_data": null,
            "vcpu": [
              {
                "architecture": "amd64",
                "count": 2
              }
            ],
            "volume_attachments": [
              {
                "id": "0727-5cf6bfc7-176f-4241-8a2c-1fe1aeeb25e1",
                "name": "overact-sensitive-plated-barcode",
                "volume_crn": "crn:v1:bluemix:public:is:us-south-2:a/0e750a8f9d821890143065a8e38f0877::volume:r006-eead32d9-fd67-42c4-ab47-60070f2f5b76",
                "volume_id": "r006-eead32d9-fd67-42c4-ab47-60070f2f5b76",
                "volume_name": "bastionserver-zone2-boot"
              }
            ],
            "volumes": null,
            "vpc": "r006-1223cb23-326f-44ad-a8a5-aa1d2b4e14e2",
            "wait_before_delete": true,
            "zone": "us-south-2"
          },
          "sensitive_attributes": [],
          "private": "eyJlMmJmYjczMC1lY2FhLTExZTYtOGY4OC0zNDM2M2JjN2M0YzAiOnsiY3JlYXRlIjoxODAwMDAwMDAwMDAwLCJkZWxldGUiOjE4MDAwMDAwMDAwMDAsInVwZGF0ZSI6MTgwMDAwMDAwMDAwMH19",
          "dependencies": [
            "module.access.ibm_is_security_group.bastion-securitygroup",
            "module.access.ibm_is_ssh_key.sshkey",
            "module.access.ibm_resource_group.group",
            "module.vpc.ibm_is_subnet.bastion-subnet-zone2",
            "module.vpc.ibm_is_vpc.vpc1"
          ]
        }
      ]
    },
    {
      "module": "module.frontend",
      "mode": "managed",
      "type": "ibm_cis",
      "name": "cis-instance",
      "provider": "module.frontend.provider[\"registry.terraform.io/ibm-cloud/ibm\"]",
      "instances": [
        {
          "schema_version": 0,
          "attributes": {
            "guid": "773730db-73bf-4f6b-9825-881a7ba4ce0a",
            "id": "crn:v1:bluemix:public:internet-svcs:global:a/0e750a8f9d821890143065a8e38f0877:773730db-73bf-4f6b-9825-881a7ba4ce0a::",
            "location": "global",
            "name": "drawit.com",
            "parameters": {},
            "plan": "standard",
            "resource_controller_url": "https://cloud.ibm.com/internet-svcs/crn%3Av1%3Abluemix%3Apublic%3Ainternet-svcs%3Aglobal%3Aa%2F0e750a8f9d821890143065a8e38f0877%3A773730db-73bf-4f6b-9825-881a7ba4ce0a%3A%3A",
            "resource_crn": "crn:v1:bluemix:public:internet-svcs:global:a/0e750a8f9d821890143065a8e38f0877:773730db-73bf-4f6b-9825-881a7ba4ce0a::",
            "resource_group_id": "b53c38b79f834591854c7e2e057dec96",
            "resource_group_name": "crn:v1:bluemix:public:resource-controller::a/0e750a8f9d821890143065a8e38f0877::resource-group:b53c38b79f834591854c7e2e057dec96",
            "resource_name": "drawit.com",
            "resource_status": "active",
            "service": "internet-svcs",
            "status": "active",
            "tags": [],
            "timeouts": null
          },
          "sensitive_attributes": [],
          "private": "eyJlMmJmYjczMC1lY2FhLTExZTYtOGY4OC0zNDM2M2JjN2M0YzAiOnsiY3JlYXRlIjo2MDAwMDAwMDAwMDAsImRlbGV0ZSI6NjAwMDAwMDAwMDAwLCJ1cGRhdGUiOjYwMDAwMDAwMDAwMH19",
          "dependencies": [
            "module.access.ibm_resource_group.group"
          ]
        }
      ]
    },
    {
      "module": "module.frontend",
      "mode": "managed",
      "type": "ibm_cis_domain",
      "name": "cis-instance-domain",
      "provider": "module.frontend.provider[\"registry.terraform.io/ibm-cloud/ibm\"]",
      "instances": [
        {
          "schema_version": 0,
          "attributes": {
            "cis_id": "crn:v1:bluemix:public:internet-svcs:global:a/0e750a8f9d821890143065a8e38f0877:773730db-73bf-4f6b-9825-881a7ba4ce0a::",
            "domain": "drawit.tech",
            "domain_id": "5de74e5c89229703f9d02b5b4739e120",
            "id": "5de74e5c89229703f9d02b5b4739e120:crn:v1:bluemix:public:internet-svcs:global:a/0e750a8f9d821890143065a8e38f0877:773730db-73bf-4f6b-9825-881a7ba4ce0a::",
            "name_servers": [
              "ns016.name.cloud.ibm.com",
              "ns041.name.cloud.ibm.com"
            ],
            "original_name_servers": [
              "dns1.registrar-servers.com",
              "dns2.registrar-servers.com"
            ],
            "paused": false,
            "status": "pending"
          },
          "sensitive_attributes": [],
          "private": "bnVsbA==",
          "dependencies": [
            "module.access.ibm_resource_group.group",
            "module.frontend.ibm_cis.cis-instance"
          ]
        }
      ]
    },
    {
      "module": "module.frontend",
      "mode": "managed",
      "type": "ibm_cis_global_load_balancer",
      "name": "glb",
      "provider": "module.frontend.provider[\"registry.terraform.io/ibm-cloud/ibm\"]",
      "instances": [
        {
          "schema_version": 0,
          "attributes": {
            "cis_id": "crn:v1:bluemix:public:internet-svcs:global:a/0e750a8f9d821890143065a8e38f0877:773730db-73bf-4f6b-9825-881a7ba4ce0a::",
            "created_on": null,
            "default_pool_ids": [
              "f65ae49489ffd5499a816ca5400b69d5:crn:v1:bluemix:public:internet-svcs:global:a/0e750a8f9d821890143065a8e38f0877:773730db-73bf-4f6b-9825-881a7ba4ce0a::"
            ],
            "description": "Global Load Balancer for webappdemo",
            "domain_id": "5de74e5c89229703f9d02b5b4739e120",
            "enabled": true,
            "fallback_pool_id": "f65ae49489ffd5499a816ca5400b69d5:crn:v1:bluemix:public:internet-svcs:global:a/0e750a8f9d821890143065a8e38f0877:773730db-73bf-4f6b-9825-881a7ba4ce0a::",
            "glb_id": "eeef4dfa985f09d3109a8c603eaccaf5",
            "id": "eeef4dfa985f09d3109a8c603eaccaf5:5de74e5c89229703f9d02b5b4739e120:crn:v1:bluemix:public:internet-svcs:global:a/0e750a8f9d821890143065a8e38f0877:773730db-73bf-4f6b-9825-881a7ba4ce0a::",
            "modified_on": null,
            "name": "www.drawit.tech",
            "pop_pools": [],
            "proxied": true,
            "region_pools": [],
            "session_affinity": "cookie",
            "ttl": 0
          },
          "sensitive_attributes": [],
          "private": "bnVsbA==",
          "dependencies": [
            "module.frontend.ibm_cis.cis-instance",
            "module.frontend.ibm_cis_domain.cis-instance-domain",
            "module.frontend.ibm_cis_origin_pool.vpc-lbaas"
          ]
        }
      ]
    },
    {
      "module": "module.frontend",
      "mode": "managed",
      "type": "ibm_cis_healthcheck",
      "name": "root",
      "provider": "module.frontend.provider[\"registry.terraform.io/ibm-cloud/ibm\"]",
      "instances": [
        {
          "schema_version": 0,
          "attributes": {
            "allow_insecure": false,
            "cis_id": "crn:v1:bluemix:public:internet-svcs:global:a/0e750a8f9d821890143065a8e38f0877:773730db-73bf-4f6b-9825-881a7ba4ce0a::",
            "create_on": "2022-08-26T20:48:29.753336Z",
            "description": "Websiteroot",
            "expected_body": "",
            "expected_codes": "200",
            "follow_redirects": false,
            "headers": [],
            "id": "38394b8fe049fb7969c6643747d5361c:crn:v1:bluemix:public:internet-svcs:global:a/0e750a8f9d821890143065a8e38f0877:773730db-73bf-4f6b-9825-881a7ba4ce0a::",
            "interval": 60,
            "method": "GET",
            "modified_on": "2022-08-26T20:48:29.753336Z",
            "monitor_id": "38394b8fe049fb7969c6643747d5361c",
            "path": "/nginx_status",
            "port": 0,
            "retries": 2,
            "timeout": 5,
            "type": "http"
          },
          "sensitive_attributes": [],
          "private": "bnVsbA==",
          "dependencies": [
            "module.access.ibm_resource_group.group",
            "module.frontend.ibm_cis.cis-instance"
          ]
        }
      ]
    },
    {
      "module": "module.frontend",
      "mode": "managed",
      "type": "ibm_cis_origin_pool",
      "name": "vpc-lbaas",
      "provider": "module.frontend.provider[\"registry.terraform.io/ibm-cloud/ibm\"]",
      "instances": [
        {
          "schema_version": 0,
          "attributes": {
            "check_regions": [
              "NAF"
            ],
            "cis_id": "crn:v1:bluemix:public:internet-svcs:global:a/0e750a8f9d821890143065a8e38f0877:773730db-73bf-4f6b-9825-881a7ba4ce0a::",
            "created_on": "2022-08-26T20:53:37.023532Z",
            "description": "",
            "enabled": true,
            "health": null,
            "healthy": false,
            "id": "f65ae49489ffd5499a816ca5400b69d5:crn:v1:bluemix:public:internet-svcs:global:a/0e750a8f9d821890143065a8e38f0877:773730db-73bf-4f6b-9825-881a7ba4ce0a::",
            "minimum_origins": 1,
            "modified_on": "2022-08-26T20:53:37.023532Z",
            "monitor": "38394b8fe049fb7969c6643747d5361c",
            "name": "jww85webappvpc-webtier-lb",
            "notification_email": "",
            "origins": [
              {
                "address": "3e8c7242-us-south.lb.appdomain.cloud",
                "disabled_at": "",
                "enabled": true,
                "failure_reason": "HTTP timeout occurred",
                "healthy": false,
                "name": "jww85webappvpc-webtier-lbaas-1",
                "weight": 1
              }
            ],
            "pool_id": "f65ae49489ffd5499a816ca5400b69d5"
          },
          "sensitive_attributes": [],
          "private": "bnVsbA==",
          "dependencies": [
            "module.access.ibm_is_network_acl.webapptier-acl",
            "module.access.ibm_resource_group.group",
            "module.frontend.ibm_cis.cis-instance",
            "module.frontend.ibm_cis_healthcheck.root",
            "module.frontend.ibm_is_lb.webapptier-lb",
            "module.vpc.ibm_is_public_gateway.pubgw-zone1",
            "module.vpc.ibm_is_public_gateway.pubgw-zone2",
            "module.vpc.ibm_is_subnet.webapptier-subnet-zone1",
            "module.vpc.ibm_is_subnet.webapptier-subnet-zone2",
            "module.vpc.ibm_is_vpc.vpc1"
          ]
        }
      ]
    },
    {
      "module": "module.frontend",
      "mode": "managed",
      "type": "ibm_is_floating_ip",
      "name": "webappserver-zone1-fip",
      "provider": "module.frontend.provider[\"registry.terraform.io/ibm-cloud/ibm\"]",
      "instances": [
        {
          "index_key": 0,
          "schema_version": 0,
          "attributes": {
            "address": "150.240.70.233",
            "id": "r006-3f1ed7c9-bcc1-4d7a-b4e6-7fcfa1d7aac2",
            "name": "webapp01-us-south-1-fip",
            "resource_controller_url": "https://cloud.ibm.com/vpc-ext/network/floatingIPs",
            "resource_crn": "crn:v1:bluemix:public:is:us-south-1:a/0e750a8f9d821890143065a8e38f0877::floating-ip:r006-3f1ed7c9-bcc1-4d7a-b4e6-7fcfa1d7aac2",
            "resource_group": "b53c38b79f834591854c7e2e057dec96",
            "resource_group_name": "jww85webapprg",
            "resource_name": "webapp01-us-south-1-fip",
            "resource_status": "available",
            "status": "available",
            "tags": [],
            "target": "0717-d026cd18-cec3-4a48-8ccf-bdf8165e2485",
            "timeouts": null,
            "zone": "us-south-1"
          },
          "sensitive_attributes": [],
          "private": "eyJlMmJmYjczMC1lY2FhLTExZTYtOGY4OC0zNDM2M2JjN2M0YzAiOnsiY3JlYXRlIjo2MDAwMDAwMDAwMDAsImRlbGV0ZSI6NjAwMDAwMDAwMDAwfX0=",
          "dependencies": [
            "module.access.ibm_is_security_group.maintenance-securitygroup",
            "module.access.ibm_is_security_group.webapptier-securitygroup",
            "module.access.ibm_is_ssh_key.sshkey",
            "module.access.ibm_resource_group.group",
            "module.frontend.ibm_is_instance.webappserver-zone1",
            "module.vpc.ibm_is_subnet.webapptier-subnet-zone1",
            "module.vpc.ibm_is_vpc.vpc1"
          ]
        }
      ]
    },
    {
      "module": "module.frontend",
      "mode": "managed",
      "type": "ibm_is_floating_ip",
      "name": "webappserver-zone2-fip",
      "provider": "module.frontend.provider[\"registry.terraform.io/ibm-cloud/ibm\"]",
      "instances": [
        {
          "index_key": 0,
          "schema_version": 0,
          "attributes": {
            "address": "52.118.205.66",
            "id": "r006-80606deb-4ecd-462a-9e02-3c6d067768a7",
            "name": "webapp01-us-south-2-fip",
            "resource_controller_url": "https://cloud.ibm.com/vpc-ext/network/floatingIPs",
            "resource_crn": "crn:v1:bluemix:public:is:us-south-2:a/0e750a8f9d821890143065a8e38f0877::floating-ip:r006-80606deb-4ecd-462a-9e02-3c6d067768a7",
            "resource_group": "b53c38b79f834591854c7e2e057dec96",
            "resource_group_name": "jww85webapprg",
            "resource_name": "webapp01-us-south-2-fip",
            "resource_status": "available",
            "status": "available",
            "tags": [],
            "target": "0727-86cbaeb8-ecc2-4c86-be8b-12b736cc09e5",
            "timeouts": null,
            "zone": "us-south-2"
          },
          "sensitive_attributes": [],
          "private": "eyJlMmJmYjczMC1lY2FhLTExZTYtOGY4OC0zNDM2M2JjN2M0YzAiOnsiY3JlYXRlIjo2MDAwMDAwMDAwMDAsImRlbGV0ZSI6NjAwMDAwMDAwMDAwfX0=",
          "dependencies": [
            "module.access.ibm_is_security_group.maintenance-securitygroup",
            "module.access.ibm_is_security_group.webapptier-securitygroup",
            "module.access.ibm_is_ssh_key.sshkey",
            "module.access.ibm_resource_group.group",
            "module.frontend.ibm_is_instance.webappserver-zone2",
            "module.vpc.ibm_is_subnet.webapptier-subnet-zone2",
            "module.vpc.ibm_is_vpc.vpc1"
          ]
        }
      ]
    },
    {
      "module": "module.frontend",
      "mode": "managed",
      "type": "ibm_is_instance",
      "name": "webappserver-zone1",
      "provider": "module.frontend.provider[\"registry.terraform.io/ibm-cloud/ibm\"]",
      "instances": [
        {
          "index_key": 0,
          "schema_version": 0,
          "attributes": {
            "auto_delete_volume": null,
            "boot_volume": [
              {
                "encryption": "",
                "iops": 3000,
                "name": "webappserver-zone1-boot",
                "profile": "general-purpose",
                "size": 100
              }
            ],
            "dedicated_host": null,
            "dedicated_host_group": null,
            "disks": [],
            "force_recovery_time": null,
            "gpu": [],
            "id": "0717_f95afbd3-e133-4d28-864c-e1347926cea6",
            "image": "r006-bf0495b9-648e-465f-ab7d-f5e048bd123d",
            "keys": [
              "r006-e23873e3-3f69-4fb3-8b5e-a5c05fe477c2"
            ],
            "memory": 4,
            "name": "webapp01-us-south-1",
            "network_interfaces": [],
            "primary_network_interface": [
              {
                "allow_ip_spoofing": false,
                "id": "0717-d026cd18-cec3-4a48-8ccf-bdf8165e2485",
                "name": "webappserver-zone1-primary",
                "port_speed": 0,
                "primary_ipv4_address": "172.21.0.5",
                "security_groups": [
                  "r006-7bdad9f8-3db5-437f-960d-a37175cee1c0",
                  "r006-b17c39ad-85b5-4702-8eb6-431b9f01a6fc"
                ],
                "subnet": "0717-87c23805-697b-44e6-8473-bec428ad9a65"
              }
            ],
            "profile": "cx2-2x4",
            "resource_controller_url": "https://cloud.ibm.com/vpc-ext/compute/vs",
            "resource_crn": "crn:v1:bluemix:public:is:us-south-1:a/0e750a8f9d821890143065a8e38f0877::instance:0717_f95afbd3-e133-4d28-864c-e1347926cea6",
            "resource_group": "b53c38b79f834591854c7e2e057dec96",
            "resource_group_name": "jww85webapprg",
            "resource_name": "webapp01-us-south-1",
            "resource_status": "running",
            "status": "running",
            "tags": [],
            "timeouts": null,
            "user_data": null,
            "vcpu": [
              {
                "architecture": "amd64",
                "count": 2
              }
            ],
            "volume_attachments": [
              {
                "id": "0717-f8196dba-ba88-4f49-8b77-e2e9459efb0a",
                "name": "duchess-foster-filterable-dividers",
                "volume_crn": "crn:v1:bluemix:public:is:us-south-1:a/0e750a8f9d821890143065a8e38f0877::volume:r006-77253c5d-0b38-408d-852b-220e49b2efc5",
                "volume_id": "r006-77253c5d-0b38-408d-852b-220e49b2efc5",
                "volume_name": "webappserver-zone1-boot"
              }
            ],
            "volumes": null,
            "vpc": "r006-1223cb23-326f-44ad-a8a5-aa1d2b4e14e2",
            "wait_before_delete": true,
            "zone": "us-south-1"
          },
          "sensitive_attributes": [],
          "private": "eyJlMmJmYjczMC1lY2FhLTExZTYtOGY4OC0zNDM2M2JjN2M0YzAiOnsiY3JlYXRlIjoxODAwMDAwMDAwMDAwLCJkZWxldGUiOjE4MDAwMDAwMDAwMDAsInVwZGF0ZSI6MTgwMDAwMDAwMDAwMH19",
          "dependencies": [
            "module.access.ibm_is_security_group.maintenance-securitygroup",
            "module.access.ibm_is_security_group.webapptier-securitygroup",
            "module.access.ibm_is_ssh_key.sshkey",
            "module.access.ibm_resource_group.group",
            "module.vpc.ibm_is_subnet.webapptier-subnet-zone1",
            "module.vpc.ibm_is_vpc.vpc1"
          ]
        }
      ]
    },
    {
      "module": "module.frontend",
      "mode": "managed",
      "type": "ibm_is_instance",
      "name": "webappserver-zone2",
      "provider": "module.frontend.provider[\"registry.terraform.io/ibm-cloud/ibm\"]",
      "instances": [
        {
          "index_key": 0,
          "schema_version": 0,
          "attributes": {
            "auto_delete_volume": null,
            "boot_volume": [
              {
                "encryption": "",
                "iops": 3000,
                "name": "webappserver-zone2-boot",
                "profile": "general-purpose",
                "size": 100
              }
            ],
            "dedicated_host": null,
            "dedicated_host_group": null,
            "disks": [],
            "force_recovery_time": null,
            "gpu": [],
            "id": "0727_acb938a3-4ab5-43ec-a3de-44a697025c2c",
            "image": "r006-bf0495b9-648e-465f-ab7d-f5e048bd123d",
            "keys": [
              "r006-e23873e3-3f69-4fb3-8b5e-a5c05fe477c2"
            ],
            "memory": 4,
            "name": "webapp01-us-south-2",
            "network_interfaces": [],
            "primary_network_interface": [
              {
                "allow_ip_spoofing": false,
                "id": "0727-86cbaeb8-ecc2-4c86-be8b-12b736cc09e5",
                "name": "webappserver-zone2-primary",
                "port_speed": 0,
                "primary_ipv4_address": "172.21.8.5",
                "security_groups": [
                  "r006-7bdad9f8-3db5-437f-960d-a37175cee1c0",
                  "r006-b17c39ad-85b5-4702-8eb6-431b9f01a6fc"
                ],
                "subnet": "0727-2a77d726-6d16-48e3-b995-053fad75c577"
              }
            ],
            "profile": "cx2-2x4",
            "resource_controller_url": "https://cloud.ibm.com/vpc-ext/compute/vs",
            "resource_crn": "crn:v1:bluemix:public:is:us-south-2:a/0e750a8f9d821890143065a8e38f0877::instance:0727_acb938a3-4ab5-43ec-a3de-44a697025c2c",
            "resource_group": "b53c38b79f834591854c7e2e057dec96",
            "resource_group_name": "jww85webapprg",
            "resource_name": "webapp01-us-south-2",
            "resource_status": "running",
            "status": "running",
            "tags": [],
            "timeouts": null,
            "user_data": null,
            "vcpu": [
              {
                "architecture": "amd64",
                "count": 2
              }
            ],
            "volume_attachments": [
              {
                "id": "0727-dede4565-1f5e-42f3-8362-947a4240208b",
                "name": "spiffy-grub-crawfish-humpback",
                "volume_crn": "crn:v1:bluemix:public:is:us-south-2:a/0e750a8f9d821890143065a8e38f0877::volume:r006-0867eb1c-83c6-4bbf-8e3a-e27bc31f7b53",
                "volume_id": "r006-0867eb1c-83c6-4bbf-8e3a-e27bc31f7b53",
                "volume_name": "webappserver-zone2-boot"
              }
            ],
            "volumes": null,
            "vpc": "r006-1223cb23-326f-44ad-a8a5-aa1d2b4e14e2",
            "wait_before_delete": true,
            "zone": "us-south-2"
          },
          "sensitive_attributes": [],
          "private": "eyJlMmJmYjczMC1lY2FhLTExZTYtOGY4OC0zNDM2M2JjN2M0YzAiOnsiY3JlYXRlIjoxODAwMDAwMDAwMDAwLCJkZWxldGUiOjE4MDAwMDAwMDAwMDAsInVwZGF0ZSI6MTgwMDAwMDAwMDAwMH19",
          "dependencies": [
            "module.access.ibm_is_security_group.maintenance-securitygroup",
            "module.access.ibm_is_security_group.webapptier-securitygroup",
            "module.access.ibm_is_ssh_key.sshkey",
            "module.access.ibm_resource_group.group",
            "module.vpc.ibm_is_subnet.webapptier-subnet-zone2",
            "module.vpc.ibm_is_vpc.vpc1"
          ]
        }
      ]
    },
    {
      "module": "module.frontend",
      "mode": "managed",
      "type": "ibm_is_lb",
      "name": "webapptier-lb",
      "provider": "module.frontend.provider[\"registry.terraform.io/ibm-cloud/ibm\"]",
      "instances": [
        {
          "schema_version": 0,
          "attributes": {
            "hostname": "3e8c7242-us-south.lb.appdomain.cloud",
            "id": "r006-3e8c7242-3ffc-4089-a42b-1843a6dd51e7",
            "logging": false,
            "name": "jww85webappvpc-webapptier01-lb",
            "operating_status": "online",
            "private_ips": [
              "172.21.8.4",
              "172.21.0.4"
            ],
            "profile": "dynamic",
            "public_ips": [
              "52.118.211.122",
              "150.240.70.230"
            ],
            "resource_controller_url": "https://cloud.ibm.com/vpc-ext/network/loadBalancers",
            "resource_group": "b53c38b79f834591854c7e2e057dec96",
            "resource_group_name": "b53c38b79f834591854c7e2e057dec96",
            "resource_name": "jww85webappvpc-webapptier01-lb",
            "security_group_supported": true,
            "security_groups": [
              "r006-61d95795-0fac-4c93-bd2d-cbc45678c971"
            ],
            "status": "active",
            "subnets": [
              "0717-87c23805-697b-44e6-8473-bec428ad9a65",
              "0727-2a77d726-6d16-48e3-b995-053fad75c577"
            ],
            "tags": [],
            "timeouts": null,
            "type": "public"
          },
          "sensitive_attributes": [],
          "private": "eyJlMmJmYjczMC1lY2FhLTExZTYtOGY4OC0zNDM2M2JjN2M0YzAiOnsiY3JlYXRlIjoxODAwMDAwMDAwMDAwLCJkZWxldGUiOjE4MDAwMDAwMDAwMDB9fQ==",
          "dependencies": [
            "module.access.ibm_is_network_acl.webapptier-acl",
            "module.access.ibm_resource_group.group",
            "module.vpc.ibm_is_public_gateway.pubgw-zone1",
            "module.vpc.ibm_is_public_gateway.pubgw-zone2",
            "module.vpc.ibm_is_subnet.webapptier-subnet-zone1",
            "module.vpc.ibm_is_subnet.webapptier-subnet-zone2",
            "module.vpc.ibm_is_vpc.vpc1"
          ]
        }
      ]
    },
    {
      "module": "module.frontend",
      "mode": "managed",
      "type": "ibm_is_lb_listener",
      "name": "webapptier-lb-listener",
      "provider": "module.frontend.provider[\"registry.terraform.io/ibm-cloud/ibm\"]",
      "instances": [
        {
          "schema_version": 0,
          "attributes": {
            "accept_proxy_protocol": false,
            "certificate_instance": null,
            "connection_limit": null,
            "default_pool": "r006-a2586f69-35f3-45ff-b3a4-5e54b4d4fe09",
            "id": "r006-3e8c7242-3ffc-4089-a42b-1843a6dd51e7/r006-479a136e-0ed7-432b-9015-e31991d09902",
            "lb": "r006-3e8c7242-3ffc-4089-a42b-1843a6dd51e7",
            "listener_id": "r006-479a136e-0ed7-432b-9015-e31991d09902",
            "port": 80,
            "protocol": "http",
            "related_crn": "crn:v1:bluemix:public:is:us-south:a/0e750a8f9d821890143065a8e38f0877::load-balancer:r006-3e8c7242-3ffc-4089-a42b-1843a6dd51e7",
            "status": "active",
            "timeouts": null
          },
          "sensitive_attributes": [],
          "private": "eyJlMmJmYjczMC1lY2FhLTExZTYtOGY4OC0zNDM2M2JjN2M0YzAiOnsiY3JlYXRlIjo2MDAwMDAwMDAwMDAsImRlbGV0ZSI6NjAwMDAwMDAwMDAwLCJ1cGRhdGUiOjYwMDAwMDAwMDAwMH19",
          "dependencies": [
            "module.access.ibm_is_network_acl.webapptier-acl",
            "module.access.ibm_resource_group.group",
            "module.frontend.ibm_is_lb.webapptier-lb",
            "module.frontend.ibm_is_lb_pool.webapptier-lb-pool",
            "module.vpc.ibm_is_public_gateway.pubgw-zone1",
            "module.vpc.ibm_is_public_gateway.pubgw-zone2",
            "module.vpc.ibm_is_subnet.webapptier-subnet-zone1",
            "module.vpc.ibm_is_subnet.webapptier-subnet-zone2",
            "module.vpc.ibm_is_vpc.vpc1"
          ]
        }
      ]
    },
    {
      "module": "module.frontend",
      "mode": "managed",
      "type": "ibm_is_lb_pool",
      "name": "webapptier-lb-pool",
      "provider": "module.frontend.provider[\"registry.terraform.io/ibm-cloud/ibm\"]",
      "instances": [
        {
          "schema_version": 0,
          "attributes": {
            "algorithm": "round_robin",
            "health_delay": 5,
            "health_monitor_port": null,
            "health_monitor_url": "/",
            "health_retries": 2,
            "health_timeout": 2,
            "health_type": "http",
            "id": "r006-3e8c7242-3ffc-4089-a42b-1843a6dd51e7/r006-a2586f69-35f3-45ff-b3a4-5e54b4d4fe09",
            "lb": "r006-3e8c7242-3ffc-4089-a42b-1843a6dd51e7",
            "name": "jww85webappvpc-webapptier-lb-pool1",
            "pool_id": "r006-a2586f69-35f3-45ff-b3a4-5e54b4d4fe09",
            "protocol": "http",
            "provisioning_status": "active",
            "proxy_protocol": "disabled",
            "related_crn": "crn:v1:bluemix:public:is:us-south:a/0e750a8f9d821890143065a8e38f0877::load-balancer:r006-3e8c7242-3ffc-4089-a42b-1843a6dd51e7",
            "session_persistence_cookie_name": null,
            "session_persistence_type": null,
            "timeouts": null
          },
          "sensitive_attributes": [],
          "private": "eyJlMmJmYjczMC1lY2FhLTExZTYtOGY4OC0zNDM2M2JjN2M0YzAiOnsiY3JlYXRlIjo2MDAwMDAwMDAwMDAsImRlbGV0ZSI6NjAwMDAwMDAwMDAwLCJ1cGRhdGUiOjYwMDAwMDAwMDAwMH19",
          "dependencies": [
            "module.access.ibm_is_network_acl.webapptier-acl",
            "module.access.ibm_resource_group.group",
            "module.frontend.ibm_is_lb.webapptier-lb",
            "module.vpc.ibm_is_public_gateway.pubgw-zone1",
            "module.vpc.ibm_is_public_gateway.pubgw-zone2",
            "module.vpc.ibm_is_subnet.webapptier-subnet-zone1",
            "module.vpc.ibm_is_subnet.webapptier-subnet-zone2",
            "module.vpc.ibm_is_vpc.vpc1"
          ]
        }
      ]
    },
    {
      "module": "module.frontend",
      "mode": "managed",
      "type": "ibm_is_lb_pool_member",
      "name": "webapptier-lb-pool-member-zone1",
      "provider": "module.frontend.provider[\"registry.terraform.io/ibm-cloud/ibm\"]",
      "instances": [
        {
          "index_key": 0,
          "schema_version": 0,
          "attributes": {
            "health": "faulted",
            "href": "https://us-south.iaas.cloud.ibm.com/v1/load_balancers/r006-3e8c7242-3ffc-4089-a42b-1843a6dd51e7/pools/r006-a2586f69-35f3-45ff-b3a4-5e54b4d4fe09/members/r006-bc2ae9ef-618e-4dca-8317-6b295a149113",
            "id": "r006-3e8c7242-3ffc-4089-a42b-1843a6dd51e7/r006-a2586f69-35f3-45ff-b3a4-5e54b4d4fe09/r006-bc2ae9ef-618e-4dca-8317-6b295a149113",
            "lb": "r006-3e8c7242-3ffc-4089-a42b-1843a6dd51e7",
            "pool": "r006-a2586f69-35f3-45ff-b3a4-5e54b4d4fe09",
            "port": 80,
            "provisioning_status": "active",
            "related_crn": "crn:v1:bluemix:public:is:us-south:a/0e750a8f9d821890143065a8e38f0877::load-balancer:r006-3e8c7242-3ffc-4089-a42b-1843a6dd51e7",
            "target_address": "172.21.0.5",
            "target_id": null,
            "timeouts": null,
            "weight": 50
          },
          "sensitive_attributes": [],
          "private": "eyJlMmJmYjczMC1lY2FhLTExZTYtOGY4OC0zNDM2M2JjN2M0YzAiOnsiY3JlYXRlIjo2MDAwMDAwMDAwMDAsImRlbGV0ZSI6NjAwMDAwMDAwMDAwLCJ1cGRhdGUiOjYwMDAwMDAwMDAwMH19",
          "dependencies": [
            "module.access.ibm_is_security_group.maintenance-securitygroup",
            "module.access.ibm_is_security_group.webapptier-securitygroup",
            "module.access.ibm_is_ssh_key.sshkey",
            "module.access.ibm_resource_group.group",
            "module.frontend.ibm_is_instance.webappserver-zone1",
            "module.frontend.ibm_is_lb.webapptier-lb",
            "module.frontend.ibm_is_lb_pool.webapptier-lb-pool",
            "module.vpc.ibm_is_subnet.webapptier-subnet-zone1",
            "module.vpc.ibm_is_vpc.vpc1"
          ]
        }
      ]
    },
    {
      "module": "module.frontend",
      "mode": "managed",
      "type": "ibm_is_lb_pool_member",
      "name": "webapptier-lb-pool-member-zone2",
      "provider": "module.frontend.provider[\"registry.terraform.io/ibm-cloud/ibm\"]",
      "instances": [
        {
          "index_key": 0,
          "schema_version": 0,
          "attributes": {
            "health": "faulted",
            "href": "https://us-south.iaas.cloud.ibm.com/v1/load_balancers/r006-3e8c7242-3ffc-4089-a42b-1843a6dd51e7/pools/r006-a2586f69-35f3-45ff-b3a4-5e54b4d4fe09/members/r006-d26a5b59-9d64-404e-ae0e-824bb20e205b",
            "id": "r006-3e8c7242-3ffc-4089-a42b-1843a6dd51e7/r006-a2586f69-35f3-45ff-b3a4-5e54b4d4fe09/r006-d26a5b59-9d64-404e-ae0e-824bb20e205b",
            "lb": "r006-3e8c7242-3ffc-4089-a42b-1843a6dd51e7",
            "pool": "r006-a2586f69-35f3-45ff-b3a4-5e54b4d4fe09",
            "port": 80,
            "provisioning_status": "active",
            "related_crn": "crn:v1:bluemix:public:is:us-south:a/0e750a8f9d821890143065a8e38f0877::load-balancer:r006-3e8c7242-3ffc-4089-a42b-1843a6dd51e7",
            "target_address": "172.21.8.5",
            "target_id": null,
            "timeouts": null,
            "weight": 50
          },
          "sensitive_attributes": [],
          "private": "eyJlMmJmYjczMC1lY2FhLTExZTYtOGY4OC0zNDM2M2JjN2M0YzAiOnsiY3JlYXRlIjo2MDAwMDAwMDAwMDAsImRlbGV0ZSI6NjAwMDAwMDAwMDAwLCJ1cGRhdGUiOjYwMDAwMDAwMDAwMH19",
          "dependencies": [
            "module.access.ibm_is_security_group.maintenance-securitygroup",
            "module.access.ibm_is_security_group.webapptier-securitygroup",
            "module.access.ibm_is_ssh_key.sshkey",
            "module.access.ibm_resource_group.group",
            "module.frontend.ibm_is_instance.webappserver-zone2",
            "module.frontend.ibm_is_lb.webapptier-lb",
            "module.frontend.ibm_is_lb_pool.webapptier-lb-pool",
            "module.vpc.ibm_is_subnet.webapptier-subnet-zone2",
            "module.vpc.ibm_is_vpc.vpc1"
          ]
        }
      ]
    },
    {
      "module": "module.vpc",
      "mode": "managed",
      "type": "ibm_is_public_gateway",
      "name": "pubgw-zone1",
      "provider": "module.vpc.provider[\"registry.terraform.io/ibm-cloud/ibm\"]",
      "instances": [
        {
          "schema_version": 0,
          "attributes": {
            "floating_ip": {
              "address": "52.118.147.184",
              "id": "r006-9f05ac80-7969-490c-a0e2-59559743a50d"
            },
            "id": "r006-035dbce3-904c-4cb2-a1d5-427b5365d029",
            "name": "jww85webappvpc-us-south-1-pubgw",
            "resource_controller_url": "https://cloud.ibm.com/vpc-ext/network/publicGateways",
            "resource_crn": "crn:v1:bluemix:public:is:us-south-1:a/0e750a8f9d821890143065a8e38f0877::public-gateway:r006-035dbce3-904c-4cb2-a1d5-427b5365d029",
            "resource_group": "b53c38b79f834591854c7e2e057dec96",
            "resource_group_name": "jww85webapprg",
            "resource_name": "jww85webappvpc-us-south-1-pubgw",
            "resource_status": "available",
            "status": "available",
            "tags": [],
            "timeouts": null,
            "vpc": "r006-1223cb23-326f-44ad-a8a5-aa1d2b4e14e2",
            "zone": "us-south-1"
          },
          "sensitive_attributes": [],
          "private": "eyJlMmJmYjczMC1lY2FhLTExZTYtOGY4OC0zNDM2M2JjN2M0YzAiOnsiY3JlYXRlIjo2MDAwMDAwMDAwMDAsImRlbGV0ZSI6NjAwMDAwMDAwMDAwfX0=",
          "dependencies": [
            "module.access.ibm_resource_group.group",
            "module.vpc.ibm_is_vpc.vpc1"
          ]
        }
      ]
    },
    {
      "module": "module.vpc",
      "mode": "managed",
      "type": "ibm_is_public_gateway",
      "name": "pubgw-zone2",
      "provider": "module.vpc.provider[\"registry.terraform.io/ibm-cloud/ibm\"]",
      "instances": [
        {
          "schema_version": 0,
          "attributes": {
            "floating_ip": {
              "address": "150.239.168.69",
              "id": "r006-21284723-9edf-4fda-93bd-0b39489d24ae"
            },
            "id": "r006-f1a3847c-abe7-408e-93f9-333579e7b2e3",
            "name": "jww85webappvpc-us-south-2-pubgw",
            "resource_controller_url": "https://cloud.ibm.com/vpc-ext/network/publicGateways",
            "resource_crn": "crn:v1:bluemix:public:is:us-south-2:a/0e750a8f9d821890143065a8e38f0877::public-gateway:r006-f1a3847c-abe7-408e-93f9-333579e7b2e3",
            "resource_group": "b53c38b79f834591854c7e2e057dec96",
            "resource_group_name": "jww85webapprg",
            "resource_name": "jww85webappvpc-us-south-2-pubgw",
            "resource_status": "available",
            "status": "available",
            "tags": [],
            "timeouts": null,
            "vpc": "r006-1223cb23-326f-44ad-a8a5-aa1d2b4e14e2",
            "zone": "us-south-2"
          },
          "sensitive_attributes": [],
          "private": "eyJlMmJmYjczMC1lY2FhLTExZTYtOGY4OC0zNDM2M2JjN2M0YzAiOnsiY3JlYXRlIjo2MDAwMDAwMDAwMDAsImRlbGV0ZSI6NjAwMDAwMDAwMDAwfX0=",
          "dependencies": [
            "module.access.ibm_resource_group.group",
            "module.vpc.ibm_is_vpc.vpc1"
          ]
        }
      ]
    },
    {
      "module": "module.vpc",
      "mode": "managed",
      "type": "ibm_is_subnet",
      "name": "bastion-subnet-zone1",
      "provider": "module.vpc.provider[\"registry.terraform.io/ibm-cloud/ibm\"]",
      "instances": [
        {
          "schema_version": 0,
          "attributes": {
            "available_ipv4_address_count": 251,
            "crn": "crn:v1:bluemix:public:is:us-south-1:a/0e750a8f9d821890143065a8e38f0877::subnet:0717-f4c44512-6e7f-43aa-8153-daa0585e63ee",
            "id": "0717-f4c44512-6e7f-43aa-8153-daa0585e63ee",
            "ip_version": "ipv4",
            "ipv4_cidr_block": "10.240.0.0/24",
            "ipv6_cidr_block": null,
            "name": "jww85webappvpc-us-south-1-bastion",
            "network_acl": "r006-d99d96c0-d13e-424a-94b6-409335a8688f",
            "public_gateway": "r006-035dbce3-904c-4cb2-a1d5-427b5365d029",
            "resource_controller_url": "https://cloud.ibm.com/vpc-ext/network/subnets",
            "resource_crn": "crn:v1:bluemix:public:is:us-south-1:a/0e750a8f9d821890143065a8e38f0877::subnet:0717-f4c44512-6e7f-43aa-8153-daa0585e63ee",
            "resource_group": "b53c38b79f834591854c7e2e057dec96",
            "resource_group_name": "jww85webapprg",
            "resource_name": "jww85webappvpc-us-south-1-bastion",
            "resource_status": "available",
            "routing_table": "r006-5a1ed616-7dd4-4adc-9a1c-9724b8c43196",
            "status": "available",
            "tags": [],
            "timeouts": null,
            "total_ipv4_address_count": 256,
            "vpc": "r006-1223cb23-326f-44ad-a8a5-aa1d2b4e14e2",
            "zone": "us-south-1"
          },
          "sensitive_attributes": [],
          "private": "eyJlMmJmYjczMC1lY2FhLTExZTYtOGY4OC0zNDM2M2JjN2M0YzAiOnsiY3JlYXRlIjo2MDAwMDAwMDAwMDAsImRlbGV0ZSI6NjAwMDAwMDAwMDAwLCJ1cGRhdGUiOjYwMDAwMDAwMDAwMH19",
          "dependencies": [
            "module.access.ibm_resource_group.group",
            "module.vpc.ibm_is_public_gateway.pubgw-zone1",
            "module.vpc.ibm_is_vpc.vpc1"
          ]
        }
      ]
    },
    {
      "module": "module.vpc",
      "mode": "managed",
      "type": "ibm_is_subnet",
      "name": "bastion-subnet-zone2",
      "provider": "module.vpc.provider[\"registry.terraform.io/ibm-cloud/ibm\"]",
      "instances": [
        {
          "schema_version": 0,
          "attributes": {
            "available_ipv4_address_count": 251,
            "crn": "crn:v1:bluemix:public:is:us-south-2:a/0e750a8f9d821890143065a8e38f0877::subnet:0727-4d1d6cd0-6cf3-474d-906d-aaddac7bc584",
            "id": "0727-4d1d6cd0-6cf3-474d-906d-aaddac7bc584",
            "ip_version": "ipv4",
            "ipv4_cidr_block": "10.240.64.0/24",
            "ipv6_cidr_block": null,
            "name": "jww85webappvpc-us-south-2-bastion",
            "network_acl": "r006-d99d96c0-d13e-424a-94b6-409335a8688f",
            "public_gateway": "r006-f1a3847c-abe7-408e-93f9-333579e7b2e3",
            "resource_controller_url": "https://cloud.ibm.com/vpc-ext/network/subnets",
            "resource_crn": "crn:v1:bluemix:public:is:us-south-2:a/0e750a8f9d821890143065a8e38f0877::subnet:0727-4d1d6cd0-6cf3-474d-906d-aaddac7bc584",
            "resource_group": "b53c38b79f834591854c7e2e057dec96",
            "resource_group_name": "jww85webapprg",
            "resource_name": "jww85webappvpc-us-south-2-bastion",
            "resource_status": "available",
            "routing_table": "r006-5a1ed616-7dd4-4adc-9a1c-9724b8c43196",
            "status": "available",
            "tags": [],
            "timeouts": null,
            "total_ipv4_address_count": 256,
            "vpc": "r006-1223cb23-326f-44ad-a8a5-aa1d2b4e14e2",
            "zone": "us-south-2"
          },
          "sensitive_attributes": [],
          "private": "eyJlMmJmYjczMC1lY2FhLTExZTYtOGY4OC0zNDM2M2JjN2M0YzAiOnsiY3JlYXRlIjo2MDAwMDAwMDAwMDAsImRlbGV0ZSI6NjAwMDAwMDAwMDAwLCJ1cGRhdGUiOjYwMDAwMDAwMDAwMH19",
          "dependencies": [
            "module.access.ibm_resource_group.group",
            "module.vpc.ibm_is_public_gateway.pubgw-zone2",
            "module.vpc.ibm_is_vpc.vpc1"
          ]
        }
      ]
    },
    {
      "module": "module.vpc",
      "mode": "managed",
      "type": "ibm_is_subnet",
      "name": "dbtier-subnet-zone1",
      "provider": "module.vpc.provider[\"registry.terraform.io/ibm-cloud/ibm\"]",
      "instances": [
        {
          "schema_version": 0,
          "attributes": {
            "available_ipv4_address_count": 251,
            "crn": "crn:v1:bluemix:public:is:us-south-1:a/0e750a8f9d821890143065a8e38f0877::subnet:0717-59350c45-f249-4fb6-8bf9-8866b3958bee",
            "id": "0717-59350c45-f249-4fb6-8bf9-8866b3958bee",
            "ip_version": "ipv4",
            "ipv4_cidr_block": "172.21.1.0/24",
            "ipv6_cidr_block": null,
            "name": "jww85webappvpc-us-south-1-dbtier",
            "network_acl": "r006-3f1cc7d9-f24f-48fe-af07-f7492b46f626",
            "public_gateway": "r006-035dbce3-904c-4cb2-a1d5-427b5365d029",
            "resource_controller_url": "https://cloud.ibm.com/vpc-ext/network/subnets",
            "resource_crn": "crn:v1:bluemix:public:is:us-south-1:a/0e750a8f9d821890143065a8e38f0877::subnet:0717-59350c45-f249-4fb6-8bf9-8866b3958bee",
            "resource_group": "b53c38b79f834591854c7e2e057dec96",
            "resource_group_name": "jww85webapprg",
            "resource_name": "jww85webappvpc-us-south-1-dbtier",
            "resource_status": "available",
            "routing_table": "r006-5a1ed616-7dd4-4adc-9a1c-9724b8c43196",
            "status": "available",
            "tags": [],
            "timeouts": null,
            "total_ipv4_address_count": 256,
            "vpc": "r006-1223cb23-326f-44ad-a8a5-aa1d2b4e14e2",
            "zone": "us-south-1"
          },
          "sensitive_attributes": [],
          "private": "eyJlMmJmYjczMC1lY2FhLTExZTYtOGY4OC0zNDM2M2JjN2M0YzAiOnsiY3JlYXRlIjo2MDAwMDAwMDAwMDAsImRlbGV0ZSI6NjAwMDAwMDAwMDAwLCJ1cGRhdGUiOjYwMDAwMDAwMDAwMH19",
          "dependencies": [
            "module.access.ibm_is_network_acl.dbtier-acl",
            "module.access.ibm_resource_group.group",
            "module.vpc.ibm_is_public_gateway.pubgw-zone1",
            "module.vpc.ibm_is_vpc.vpc1"
          ]
        }
      ]
    },
    {
      "module": "module.vpc",
      "mode": "managed",
      "type": "ibm_is_subnet",
      "name": "dbtier-subnet-zone2",
      "provider": "module.vpc.provider[\"registry.terraform.io/ibm-cloud/ibm\"]",
      "instances": [
        {
          "schema_version": 0,
          "attributes": {
            "available_ipv4_address_count": 251,
            "crn": "crn:v1:bluemix:public:is:us-south-2:a/0e750a8f9d821890143065a8e38f0877::subnet:0727-efec141c-1d67-4bee-9d84-965a39ed474a",
            "id": "0727-efec141c-1d67-4bee-9d84-965a39ed474a",
            "ip_version": "ipv4",
            "ipv4_cidr_block": "172.21.9.0/24",
            "ipv6_cidr_block": null,
            "name": "jww85webappvpc-us-south-2-dbtier",
            "network_acl": "r006-3f1cc7d9-f24f-48fe-af07-f7492b46f626",
            "public_gateway": "r006-f1a3847c-abe7-408e-93f9-333579e7b2e3",
            "resource_controller_url": "https://cloud.ibm.com/vpc-ext/network/subnets",
            "resource_crn": "crn:v1:bluemix:public:is:us-south-2:a/0e750a8f9d821890143065a8e38f0877::subnet:0727-efec141c-1d67-4bee-9d84-965a39ed474a",
            "resource_group": "b53c38b79f834591854c7e2e057dec96",
            "resource_group_name": "jww85webapprg",
            "resource_name": "jww85webappvpc-us-south-2-dbtier",
            "resource_status": "available",
            "routing_table": "r006-5a1ed616-7dd4-4adc-9a1c-9724b8c43196",
            "status": "available",
            "tags": [],
            "timeouts": null,
            "total_ipv4_address_count": 256,
            "vpc": "r006-1223cb23-326f-44ad-a8a5-aa1d2b4e14e2",
            "zone": "us-south-2"
          },
          "sensitive_attributes": [],
          "private": "eyJlMmJmYjczMC1lY2FhLTExZTYtOGY4OC0zNDM2M2JjN2M0YzAiOnsiY3JlYXRlIjo2MDAwMDAwMDAwMDAsImRlbGV0ZSI6NjAwMDAwMDAwMDAwLCJ1cGRhdGUiOjYwMDAwMDAwMDAwMH19",
          "dependencies": [
            "module.access.ibm_is_network_acl.dbtier-acl",
            "module.access.ibm_resource_group.group",
            "module.vpc.ibm_is_public_gateway.pubgw-zone2",
            "module.vpc.ibm_is_vpc.vpc1"
          ]
        }
      ]
    },
    {
      "module": "module.vpc",
      "mode": "managed",
      "type": "ibm_is_subnet",
      "name": "webapptier-subnet-zone1",
      "provider": "module.vpc.provider[\"registry.terraform.io/ibm-cloud/ibm\"]",
      "instances": [
        {
          "schema_version": 0,
          "attributes": {
            "available_ipv4_address_count": 250,
            "crn": "crn:v1:bluemix:public:is:us-south-1:a/0e750a8f9d821890143065a8e38f0877::subnet:0717-87c23805-697b-44e6-8473-bec428ad9a65",
            "id": "0717-87c23805-697b-44e6-8473-bec428ad9a65",
            "ip_version": "ipv4",
            "ipv4_cidr_block": "172.21.0.0/24",
            "ipv6_cidr_block": null,
            "name": "jww85webappvpc-us-south-1-webapptier",
            "network_acl": "r006-3dae821f-d5fc-49fc-a9ee-4c950b973b7e",
            "public_gateway": "r006-035dbce3-904c-4cb2-a1d5-427b5365d029",
            "resource_controller_url": "https://cloud.ibm.com/vpc-ext/network/subnets",
            "resource_crn": "crn:v1:bluemix:public:is:us-south-1:a/0e750a8f9d821890143065a8e38f0877::subnet:0717-87c23805-697b-44e6-8473-bec428ad9a65",
            "resource_group": "b53c38b79f834591854c7e2e057dec96",
            "resource_group_name": "jww85webapprg",
            "resource_name": "jww85webappvpc-us-south-1-webapptier",
            "resource_status": "available",
            "routing_table": "r006-5a1ed616-7dd4-4adc-9a1c-9724b8c43196",
            "status": "available",
            "tags": [],
            "timeouts": null,
            "total_ipv4_address_count": 256,
            "vpc": "r006-1223cb23-326f-44ad-a8a5-aa1d2b4e14e2",
            "zone": "us-south-1"
          },
          "sensitive_attributes": [],
          "private": "eyJlMmJmYjczMC1lY2FhLTExZTYtOGY4OC0zNDM2M2JjN2M0YzAiOnsiY3JlYXRlIjo2MDAwMDAwMDAwMDAsImRlbGV0ZSI6NjAwMDAwMDAwMDAwLCJ1cGRhdGUiOjYwMDAwMDAwMDAwMH19",
          "dependencies": [
            "module.access.ibm_is_network_acl.webapptier-acl",
            "module.access.ibm_resource_group.group",
            "module.vpc.ibm_is_public_gateway.pubgw-zone1",
            "module.vpc.ibm_is_vpc.vpc1"
          ]
        }
      ]
    },
    {
      "module": "module.vpc",
      "mode": "managed",
      "type": "ibm_is_subnet",
      "name": "webapptier-subnet-zone2",
      "provider": "module.vpc.provider[\"registry.terraform.io/ibm-cloud/ibm\"]",
      "instances": [
        {
          "schema_version": 0,
          "attributes": {
            "available_ipv4_address_count": 250,
            "crn": "crn:v1:bluemix:public:is:us-south-2:a/0e750a8f9d821890143065a8e38f0877::subnet:0727-2a77d726-6d16-48e3-b995-053fad75c577",
            "id": "0727-2a77d726-6d16-48e3-b995-053fad75c577",
            "ip_version": "ipv4",
            "ipv4_cidr_block": "172.21.8.0/24",
            "ipv6_cidr_block": null,
            "name": "jww85webappvpc-us-south-2-webapptier",
            "network_acl": "r006-3dae821f-d5fc-49fc-a9ee-4c950b973b7e",
            "public_gateway": "r006-f1a3847c-abe7-408e-93f9-333579e7b2e3",
            "resource_controller_url": "https://cloud.ibm.com/vpc-ext/network/subnets",
            "resource_crn": "crn:v1:bluemix:public:is:us-south-2:a/0e750a8f9d821890143065a8e38f0877::subnet:0727-2a77d726-6d16-48e3-b995-053fad75c577",
            "resource_group": "b53c38b79f834591854c7e2e057dec96",
            "resource_group_name": "jww85webapprg",
            "resource_name": "jww85webappvpc-us-south-2-webapptier",
            "resource_status": "available",
            "routing_table": "r006-5a1ed616-7dd4-4adc-9a1c-9724b8c43196",
            "status": "available",
            "tags": [],
            "timeouts": null,
            "total_ipv4_address_count": 256,
            "vpc": "r006-1223cb23-326f-44ad-a8a5-aa1d2b4e14e2",
            "zone": "us-south-2"
          },
          "sensitive_attributes": [],
          "private": "eyJlMmJmYjczMC1lY2FhLTExZTYtOGY4OC0zNDM2M2JjN2M0YzAiOnsiY3JlYXRlIjo2MDAwMDAwMDAwMDAsImRlbGV0ZSI6NjAwMDAwMDAwMDAwLCJ1cGRhdGUiOjYwMDAwMDAwMDAwMH19",
          "dependencies": [
            "module.access.ibm_is_network_acl.webapptier-acl",
            "module.access.ibm_resource_group.group",
            "module.vpc.ibm_is_public_gateway.pubgw-zone2",
            "module.vpc.ibm_is_vpc.vpc1"
          ]
        }
      ]
    },
    {
      "module": "module.vpc",
      "mode": "managed",
      "type": "ibm_is_vpc",
      "name": "vpc1",
      "provider": "module.vpc.provider[\"registry.terraform.io/ibm-cloud/ibm\"]",
      "instances": [
        {
          "schema_version": 0,
          "attributes": {
            "address_prefix_management": "auto",
            "classic_access": false,
            "crn": "crn:v1:bluemix:public:is:us-south:a/0e750a8f9d821890143065a8e38f0877::vpc:r006-1223cb23-326f-44ad-a8a5-aa1d2b4e14e2",
            "cse_source_addresses": [
              {
                "address": "10.249.194.99",
                "zone_name": "us-south-1"
              },
              {
                "address": "10.249.75.203",
                "zone_name": "us-south-2"
              },
              {
                "address": "10.12.171.124",
                "zone_name": "us-south-3"
              }
            ],
            "default_network_acl": "r006-d99d96c0-d13e-424a-94b6-409335a8688f",
            "default_network_acl_name": "booted-mystified-clip-snorkel",
            "default_routing_table": "r006-5a1ed616-7dd4-4adc-9a1c-9724b8c43196",
            "default_routing_table_name": "unwired-disparate-grader-astronaut",
            "default_security_group": "r006-61d95795-0fac-4c93-bd2d-cbc45678c971",
            "default_security_group_name": "swab-childish-unhitched-velvet",
            "id": "r006-1223cb23-326f-44ad-a8a5-aa1d2b4e14e2",
            "name": "jww85webappvpc",
            "resource_controller_url": "https://cloud.ibm.com/vpc-ext/network/vpcs",
            "resource_crn": "crn:v1:bluemix:public:is:us-south:a/0e750a8f9d821890143065a8e38f0877::vpc:r006-1223cb23-326f-44ad-a8a5-aa1d2b4e14e2",
            "resource_group": "b53c38b79f834591854c7e2e057dec96",
            "resource_group_name": "jww85webapprg",
            "resource_name": "jww85webappvpc",
            "resource_status": "available",
            "security_group": [
              {
                "group_id": "r006-7bdad9f8-3db5-437f-960d-a37175cee1c0",
                "group_name": "jww85webappvpc-webapptier-securitygroup",
                "rules": [
                  {
                    "code": 0,
                    "direction": "inbound",
                    "ip_version": "ipv4",
                    "port_max": 0,
                    "port_min": 0,
                    "protocol": "all",
                    "remote": "172.21.8.0/24",
                    "rule_id": "r006-261d45a3-f42f-444f-9927-aee59888b875",
                    "type": 0
                  },
                  {
                    "code": 0,
                    "direction": "inbound",
                    "ip_version": "ipv4",
                    "port_max": 0,
                    "port_min": 0,
                    "protocol": "all",
                    "remote": "172.21.0.0/24",
                    "rule_id": "r006-3f71f1d9-1737-4845-9c57-0bccc0ef501e",
                    "type": 0
                  },
                  {
                    "code": 0,
                    "direction": "inbound",
                    "ip_version": "ipv4",
                    "port_max": 80,
                    "port_min": 80,
                    "protocol": "tcp",
                    "remote": "0.0.0.0/0",
                    "rule_id": "r006-5715e355-868f-4112-ab47-350c1944b2a3",
                    "type": 0
                  },
                  {
                    "code": 0,
                    "direction": "inbound",
                    "ip_version": "ipv4",
                    "port_max": 0,
                    "port_min": 0,
                    "protocol": "icmp",
                    "remote": "0.0.0.0/0",
                    "rule_id": "r006-d91de3d2-d9b2-43ee-8d2b-235ff0eb3989",
                    "type": 8
                  },
                  {
                    "code": 0,
                    "direction": "inbound",
                    "ip_version": "ipv4",
                    "port_max": 0,
                    "port_min": 0,
                    "protocol": "all",
                    "remote": "192.168.248.0/24",
                    "rule_id": "r006-dc4ecca2-598e-4b37-8e73-1ff5ebfbdac2",
                    "type": 0
                  },
                  {
                    "code": 0,
                    "direction": "outbound",
                    "ip_version": "ipv4",
                    "port_max": 0,
                    "port_min": 0,
                    "protocol": "all",
                    "remote": "0.0.0.0/0",
                    "rule_id": "r006-396474f7-b51f-4e95-8c92-91895d722329",
                    "type": 0
                  }
                ]
              },
              {
                "group_id": "r006-301aa1c7-9293-4790-b400-67037f290100",
                "group_name": "jww85webappvpc-bastion-securitygroup",
                "rules": [
                  {
                    "code": 0,
                    "direction": "inbound",
                    "ip_version": "ipv4",
                    "port_max": 22,
                    "port_min": 22,
                    "protocol": "tcp",
                    "remote": "0.0.0.0/0",
                    "rule_id": "r006-814a7c5e-ec99-4ceb-acb6-5ea16eb11251",
                    "type": 0
                  },
                  {
                    "code": 0,
                    "direction": "outbound",
                    "ip_version": "ipv4",
                    "port_max": 22,
                    "port_min": 22,
                    "protocol": "tcp",
                    "remote": "r006-b17c39ad-85b5-4702-8eb6-431b9f01a6fc",
                    "rule_id": "r006-16d583f1-6092-464f-a295-85d25d6a32e7",
                    "type": 0
                  },
                  {
                    "code": 0,
                    "direction": "inbound",
                    "ip_version": "ipv4",
                    "port_max": 0,
                    "port_min": 0,
                    "protocol": "icmp",
                    "remote": "0.0.0.0/0",
                    "rule_id": "r006-cab9c303-a3f3-4128-87f1-f82c1c778b85",
                    "type": 8
                  }
                ]
              },
              {
                "group_id": "r006-4de22afd-af07-4b00-bd28-1f5e30b10db6",
                "group_name": "jww85webappvpc-dbtier-securitygroup",
                "rules": [
                  {
                    "code": 0,
                    "direction": "inbound",
                    "ip_version": "ipv4",
                    "port_max": 0,
                    "port_min": 0,
                    "protocol": "all",
                    "remote": "172.21.9.0/24",
                    "rule_id": "r006-5f213330-39fb-43f2-aef2-60c611f70a7a",
                    "type": 0
                  },
                  {
                    "code": 0,
                    "direction": "outbound",
                    "ip_version": "ipv4",
                    "port_max": 0,
                    "port_min": 0,
                    "protocol": "all",
                    "remote": "0.0.0.0/0",
                    "rule_id": "r006-1144387d-1b10-4aef-88ea-12e25ee9003d",
                    "type": 0
                  },
                  {
                    "code": 0,
                    "direction": "inbound",
                    "ip_version": "ipv4",
                    "port_max": 0,
                    "port_min": 0,
                    "protocol": "all",
                    "remote": "172.21.1.0/24",
                    "rule_id": "r006-2a7d1a00-e5e7-49ae-9137-89acd5d0505f",
                    "type": 0
                  },
                  {
                    "code": 0,
                    "direction": "inbound",
                    "ip_version": "ipv4",
                    "port_max": 0,
                    "port_min": 0,
                    "protocol": "all",
                    "remote": "192.168.248.0/24",
                    "rule_id": "r006-597bda15-f6f3-4233-b677-f0d9d5348717",
                    "type": 0
                  },
                  {
                    "code": 0,
                    "direction": "inbound",
                    "ip_version": "ipv4",
                    "port_max": 0,
                    "port_min": 0,
                    "protocol": "icmp",
                    "remote": "0.0.0.0/0",
                    "rule_id": "r006-0a29cfc9-7ef9-4f6c-8e38-902fec6e4732",
                    "type": 8
                  },
                  {
                    "code": 0,
                    "direction": "inbound",
                    "ip_version": "ipv4",
                    "port_max": 3306,
                    "port_min": 3306,
                    "protocol": "tcp",
                    "remote": "r006-7bdad9f8-3db5-437f-960d-a37175cee1c0",
                    "rule_id": "r006-a2965d53-8204-4b76-b348-0963450866d7",
                    "type": 0
                  }
                ]
              },
              {
                "group_id": "r006-b17c39ad-85b5-4702-8eb6-431b9f01a6fc",
                "group_name": "jww85webappvpc-maintenance-securitygroup",
                "rules": [
                  {
                    "code": 0,
                    "direction": "outbound",
                    "ip_version": "ipv4",
                    "port_max": 443,
                    "port_min": 443,
                    "protocol": "tcp",
                    "remote": "0.0.0.0/0",
                    "rule_id": "r006-c70f795b-3833-448e-ab57-a4f1de1c589f",
                    "type": 0
                  },
                  {
                    "code": 0,
                    "direction": "outbound",
                    "ip_version": "ipv4",
                    "port_max": 80,
                    "port_min": 80,
                    "protocol": "tcp",
                    "remote": "0.0.0.0/0",
                    "rule_id": "r006-17f095f0-e956-46b5-8781-1d85ffb91d89",
                    "type": 0
                  },
                  {
                    "code": 0,
                    "direction": "outbound",
                    "ip_version": "ipv4",
                    "port_max": 53,
                    "port_min": 53,
                    "protocol": "udp",
                    "remote": "0.0.0.0/0",
                    "rule_id": "r006-945ec8d8-a8a0-470c-afe7-c338e3f00657",
                    "type": 0
                  },
                  {
                    "code": 0,
                    "direction": "outbound",
                    "ip_version": "ipv4",
                    "port_max": 53,
                    "port_min": 53,
                    "protocol": "tcp",
                    "remote": "0.0.0.0/0",
                    "rule_id": "r006-a28686ef-de76-48c1-b6c0-e96b8305db07",
                    "type": 0
                  },
                  {
                    "code": 0,
                    "direction": "inbound",
                    "ip_version": "ipv4",
                    "port_max": 22,
                    "port_min": 22,
                    "protocol": "tcp",
                    "remote": "r006-301aa1c7-9293-4790-b400-67037f290100",
                    "rule_id": "r006-7d956523-5817-4b8a-9921-6268e8695786",
                    "type": 0
                  }
                ]
              },
              {
                "group_id": "r006-61d95795-0fac-4c93-bd2d-cbc45678c971",
                "group_name": "swab-childish-unhitched-velvet",
                "rules": [
                  {
                    "code": 0,
                    "direction": "outbound",
                    "ip_version": "ipv4",
                    "port_max": 0,
                    "port_min": 0,
                    "protocol": "all",
                    "remote": "0.0.0.0/0",
                    "rule_id": "r006-eacb6f8b-d999-4803-91ae-dcef374b7dd8",
                    "type": 0
                  },
                  {
                    "code": 0,
                    "direction": "inbound",
                    "ip_version": "ipv4",
                    "port_max": 0,
                    "port_min": 0,
                    "protocol": "all",
                    "remote": "r006-61d95795-0fac-4c93-bd2d-cbc45678c971",
                    "rule_id": "r006-aef69db8-7780-47dc-a11a-87dea48939fa",
                    "type": 0
                  }
                ]
              }
            ],
            "status": "available",
            "subnets": [
              {
                "available_ipv4_address_count": 251,
                "id": "0717-f4c44512-6e7f-43aa-8153-daa0585e63ee",
                "name": "jww85webappvpc-us-south-1-bastion",
                "status": "available",
                "total_ipv4_address_count": 256,
                "zone": "us-south-1"
              },
              {
                "available_ipv4_address_count": 250,
                "id": "0727-2a77d726-6d16-48e3-b995-053fad75c577",
                "name": "jww85webappvpc-us-south-2-webapptier",
                "status": "available",
                "total_ipv4_address_count": 256,
                "zone": "us-south-2"
              },
              {
                "available_ipv4_address_count": 251,
                "id": "0717-59350c45-f249-4fb6-8bf9-8866b3958bee",
                "name": "jww85webappvpc-us-south-1-dbtier",
                "status": "available",
                "total_ipv4_address_count": 256,
                "zone": "us-south-1"
              },
              {
                "available_ipv4_address_count": 251,
                "id": "0727-efec141c-1d67-4bee-9d84-965a39ed474a",
                "name": "jww85webappvpc-us-south-2-dbtier",
                "status": "available",
                "total_ipv4_address_count": 256,
                "zone": "us-south-2"
              },
              {
                "available_ipv4_address_count": 250,
                "id": "0717-87c23805-697b-44e6-8473-bec428ad9a65",
                "name": "jww85webappvpc-us-south-1-webapptier",
                "status": "available",
                "total_ipv4_address_count": 256,
                "zone": "us-south-1"
              },
              {
                "available_ipv4_address_count": 251,
                "id": "0727-4d1d6cd0-6cf3-474d-906d-aaddac7bc584",
                "name": "jww85webappvpc-us-south-2-bastion",
                "status": "available",
                "total_ipv4_address_count": 256,
                "zone": "us-south-2"
              }
            ],
            "tags": [],
            "timeouts": null
          },
          "sensitive_attributes": [],
          "private": "eyJlMmJmYjczMC1lY2FhLTExZTYtOGY4OC0zNDM2M2JjN2M0YzAiOnsiY3JlYXRlIjo2MDAwMDAwMDAwMDAsImRlbGV0ZSI6NjAwMDAwMDAwMDAwfX0=",
          "dependencies": [
            "module.access.ibm_resource_group.group"
          ]
        }
      ]
    },
    {
      "module": "module.vpc",
      "mode": "managed",
      "type": "ibm_is_vpc_address_prefix",
      "name": "prefix1",
      "provider": "module.vpc.provider[\"registry.terraform.io/ibm-cloud/ibm\"]",
      "instances": [
        {
          "schema_version": 0,
          "attributes": {
            "cidr": "172.21.0.0/21",
            "has_subnets": true,
            "id": "r006-1223cb23-326f-44ad-a8a5-aa1d2b4e14e2/r006-68fb6c6d-43a1-4d37-ab1d-abc2d91ba19e",
            "is_default": false,
            "name": "zone1-cidr1",
            "related_crn": "crn:v1:bluemix:public:is:us-south:a/0e750a8f9d821890143065a8e38f0877::vpc:r006-1223cb23-326f-44ad-a8a5-aa1d2b4e14e2",
            "vpc": "r006-1223cb23-326f-44ad-a8a5-aa1d2b4e14e2",
            "zone": "us-south-1"
          },
          "sensitive_attributes": [],
          "private": "bnVsbA==",
          "dependencies": [
            "module.access.ibm_resource_group.group",
            "module.vpc.ibm_is_vpc.vpc1"
          ]
        }
      ]
    },
    {
      "module": "module.vpc",
      "mode": "managed",
      "type": "ibm_is_vpc_address_prefix",
      "name": "prefix2",
      "provider": "module.vpc.provider[\"registry.terraform.io/ibm-cloud/ibm\"]",
      "instances": [
        {
          "schema_version": 0,
          "attributes": {
            "cidr": "172.21.8.0/21",
            "has_subnets": true,
            "id": "r006-1223cb23-326f-44ad-a8a5-aa1d2b4e14e2/r006-8c190bb5-599b-42c4-9de6-6d7f4045b77c",
            "is_default": false,
            "name": "zone2-cidr1",
            "related_crn": "crn:v1:bluemix:public:is:us-south:a/0e750a8f9d821890143065a8e38f0877::vpc:r006-1223cb23-326f-44ad-a8a5-aa1d2b4e14e2",
            "vpc": "r006-1223cb23-326f-44ad-a8a5-aa1d2b4e14e2",
            "zone": "us-south-2"
          },
          "sensitive_attributes": [],
          "private": "bnVsbA==",
          "dependencies": [
            "module.access.ibm_resource_group.group",
            "module.vpc.ibm_is_vpc.vpc1"
          ]
        }
      ]
    }
  ]
}
